// !$*UTF8*$!
{
	archiveVersion = 1;
	classes = {
	};
	objectVersion = 46;
	objects = {

/* Begin PBXBuildFile section */
		11635E5A3EEA74CDF3EBF0D4 /* Pods_iOS_Starter.framework in Frameworks */ = {isa = PBXBuildFile; fileRef = E6834DEF2D20FB14667970F6 /* Pods_iOS_Starter.framework */; };
		2A1CF2131D6B8460004B4D8F /* AppDelegate.swift in Sources */ = {isa = PBXBuildFile; fileRef = 2A1CF2121D6B8460004B4D8F /* AppDelegate.swift */; };
		2A1CF2151D6B8460004B4D8F /* ViewController.swift in Sources */ = {isa = PBXBuildFile; fileRef = 2A1CF2141D6B8460004B4D8F /* ViewController.swift */; };
		2A1CF21A1D6B8460004B4D8F /* Assets.xcassets in Resources */ = {isa = PBXBuildFile; fileRef = 2A1CF2191D6B8460004B4D8F /* Assets.xcassets */; };
		2A1CF2281D6B8460004B4D8F /* iOS_StarterTests.swift in Sources */ = {isa = PBXBuildFile; fileRef = 2A1CF2271D6B8460004B4D8F /* iOS_StarterTests.swift */; };
		2A1CF2331D6B8460004B4D8F /* iOS_StarterUITests.swift in Sources */ = {isa = PBXBuildFile; fileRef = 2A1CF2321D6B8460004B4D8F /* iOS_StarterUITests.swift */; };
		2A1CF2471D6BC96F004B4D8F /* AppTabBarController.swift in Sources */ = {isa = PBXBuildFile; fileRef = 2A1CF2461D6BC96F004B4D8F /* AppTabBarController.swift */; };
		2A1CF2491D6BCB53004B4D8F /* DiscoverListViewController.swift in Sources */ = {isa = PBXBuildFile; fileRef = 2A1CF2481D6BCB53004B4D8F /* DiscoverListViewController.swift */; };
		2A1CF24B1D6BCE7D004B4D8F /* ProfileTableViewController.swift in Sources */ = {isa = PBXBuildFile; fileRef = 2A1CF24A1D6BCE7D004B4D8F /* ProfileTableViewController.swift */; };
		2A1CF24D1D6BD428004B4D8F /* DiscoverCell.swift in Sources */ = {isa = PBXBuildFile; fileRef = 2A1CF24C1D6BD428004B4D8F /* DiscoverCell.swift */; };
		2A1CF24F1D6BD54D004B4D8F /* DiscoverCellDataProvider.swift in Sources */ = {isa = PBXBuildFile; fileRef = 2A1CF24E1D6BD54D004B4D8F /* DiscoverCellDataProvider.swift */; };
		2A1CF2541D6C1C08004B4D8F /* SearchViewController.swift in Sources */ = {isa = PBXBuildFile; fileRef = 2A1CF2531D6C1C08004B4D8F /* SearchViewController.swift */; };
		2A1CF2571D6C1CEA004B4D8F /* AppNavigationController.swift in Sources */ = {isa = PBXBuildFile; fileRef = 2A1CF2561D6C1CEA004B4D8F /* AppNavigationController.swift */; };
		2A1CF2591D6C1D61004B4D8F /* DiscoverNavigationController.swift in Sources */ = {isa = PBXBuildFile; fileRef = 2A1CF2581D6C1D61004B4D8F /* DiscoverNavigationController.swift */; };
		2A1CF25B1D6C1E79004B4D8F /* SearchNavigationController.swift in Sources */ = {isa = PBXBuildFile; fileRef = 2A1CF25A1D6C1E79004B4D8F /* SearchNavigationController.swift */; };
		2A1CF25D1D6C1EC2004B4D8F /* ProfileNavigationController.swift in Sources */ = {isa = PBXBuildFile; fileRef = 2A1CF25C1D6C1EC2004B4D8F /* ProfileNavigationController.swift */; };
		2A348EBD1D70134600D9BAA9 /* ProfileHeaderView.swift in Sources */ = {isa = PBXBuildFile; fileRef = 2A348EBC1D70134600D9BAA9 /* ProfileHeaderView.swift */; };
		2A36F5BF1D6DA6C500BD6739 /* LureDetailCell.swift in Sources */ = {isa = PBXBuildFile; fileRef = 2A36F5BE1D6DA6C500BD6739 /* LureDetailCell.swift */; };
		2A36F5C11D6DA6CE00BD6739 /* LureLocationCell.swift in Sources */ = {isa = PBXBuildFile; fileRef = 2A36F5C01D6DA6CE00BD6739 /* LureLocationCell.swift */; };
		2A36F5C31D6DABA200BD6739 /* LureTableView.swift in Sources */ = {isa = PBXBuildFile; fileRef = 2A36F5C21D6DABA200BD6739 /* LureTableView.swift */; };
		2A3EBBE51D71FD0400106483 /* Simplify.bundle in Resources */ = {isa = PBXBuildFile; fileRef = 2A3EBBE31D71FD0400106483 /* Simplify.bundle */; };
		2A3EBBE61D71FD0400106483 /* Simplify.framework in Frameworks */ = {isa = PBXBuildFile; fileRef = 2A3EBBE41D71FD0400106483 /* Simplify.framework */; };
		2A4DFF371D6C2E5A008FE51F /* ACTabScrollView+Protocol.swift in Sources */ = {isa = PBXBuildFile; fileRef = 2A4DFF361D6C2E5A008FE51F /* ACTabScrollView+Protocol.swift */; };
		2A4DFF391D6C2E7E008FE51F /* ACTabScrollView.swift in Sources */ = {isa = PBXBuildFile; fileRef = 2A4DFF381D6C2E7E008FE51F /* ACTabScrollView.swift */; };
		2A7E3F961D6FBA400089264E /* PurchaseDetailViewController.swift in Sources */ = {isa = PBXBuildFile; fileRef = 2A7E3F951D6FBA400089264E /* PurchaseDetailViewController.swift */; };
		2A91AD251D6C364700850321 /* DiscoverTabView.swift in Sources */ = {isa = PBXBuildFile; fileRef = 2A91AD241D6C364700850321 /* DiscoverTabView.swift */; };
		2A96D6261D6D754D008C8E4D /* DiscoverTableView.swift in Sources */ = {isa = PBXBuildFile; fileRef = 2A96D6251D6D754D008C8E4D /* DiscoverTableView.swift */; };
		2A96D6281D6D7D16008C8E4D /* club.jpg in Resources */ = {isa = PBXBuildFile; fileRef = 2A96D6271D6D7D16008C8E4D /* club.jpg */; };
		2A96D62D1D6D947E008C8E4D /* LureDetailViewController.swift in Sources */ = {isa = PBXBuildFile; fileRef = 2A96D62C1D6D947E008C8E4D /* LureDetailViewController.swift */; };
		2A96D6301D6D964E008C8E4D /* ModalNavigationController.swift in Sources */ = {isa = PBXBuildFile; fileRef = 2A96D62F1D6D964E008C8E4D /* ModalNavigationController.swift */; };
		2AB156001D6F951E00342D2C /* CategoryCollectionCell.swift in Sources */ = {isa = PBXBuildFile; fileRef = 2AB155FF1D6F951E00342D2C /* CategoryCollectionCell.swift */; };
		2AB156021D6F9CB900342D2C /* restaurants.jpg in Resources */ = {isa = PBXBuildFile; fileRef = 2AB156011D6F9CB900342D2C /* restaurants.jpg */; };
		2AB156081D6FA2AD00342D2C /* SearchTableCell.swift in Sources */ = {isa = PBXBuildFile; fileRef = 2AB156071D6FA2AD00342D2C /* SearchTableCell.swift */; };
		2AB1560A1D6FADE000342D2C /* PurchaseListViewController.swift in Sources */ = {isa = PBXBuildFile; fileRef = 2AB156091D6FADE000342D2C /* PurchaseListViewController.swift */; };
		2AB1560D1D6FB0A000342D2C /* PurchaseNavigationController.swift in Sources */ = {isa = PBXBuildFile; fileRef = 2AB1560C1D6FB0A000342D2C /* PurchaseNavigationController.swift */; };
		2AB1560F1D6FB14500342D2C /* PurchaseCell.swift in Sources */ = {isa = PBXBuildFile; fileRef = 2AB1560E1D6FB14500342D2C /* PurchaseCell.swift */; };
		2AC5EC1D1D701C6B0054A582 /* ProfileSettingCell.swift in Sources */ = {isa = PBXBuildFile; fileRef = 2AC5EC1C1D701C6B0054A582 /* ProfileSettingCell.swift */; };
		2AC5EC281D70223C0054A582 /* profile@2x.png in Resources */ = {isa = PBXBuildFile; fileRef = 2AC5EC271D70223C0054A582 /* profile@2x.png */; };
		2AC5EC2A1D7022400054A582 /* purchases@2x.png in Resources */ = {isa = PBXBuildFile; fileRef = 2AC5EC291D7022400054A582 /* purchases@2x.png */; };
		2AC5EC2C1D7022450054A582 /* discover@2x.png in Resources */ = {isa = PBXBuildFile; fileRef = 2AC5EC2B1D7022450054A582 /* discover@2x.png */; };
		2AC5EC2E1D70224B0054A582 /* search@2x.png in Resources */ = {isa = PBXBuildFile; fileRef = 2AC5EC2D1D70224B0054A582 /* search@2x.png */; };
		2AC5EC301D702E1D0054A582 /* PollCell.swift in Sources */ = {isa = PBXBuildFile; fileRef = 2AC5EC2F1D702E1D0054A582 /* PollCell.swift */; };
		2AC5EC321D7042090054A582 /* PollFormViewController.swift in Sources */ = {isa = PBXBuildFile; fileRef = 2AC5EC311D7042090054A582 /* PollFormViewController.swift */; };
		2AD1F3D81D6EB2FA009C2AA0 /* SearchResultsController.swift in Sources */ = {isa = PBXBuildFile; fileRef = 2AD1F3D71D6EB2FA009C2AA0 /* SearchResultsController.swift */; };
		72E25387698953A63F84D3E0 /* Pods_iOS_StarterUITests.framework in Frameworks */ = {isa = PBXBuildFile; fileRef = D2507375A4F5671ACDCAA172 /* Pods_iOS_StarterUITests.framework */; };
		74532A8F1D6C21FE001D5FBF /* Endpoint.swift in Sources */ = {isa = PBXBuildFile; fileRef = 74532A8E1D6C21FE001D5FBF /* Endpoint.swift */; };
		74E4C5051D71EFEB00E37828 /* Extensions.swift in Sources */ = {isa = PBXBuildFile; fileRef = 74E4C5041D71EFEB00E37828 /* Extensions.swift */; };
		F8C8231F2C686E29ED6CA5AE /* Pods_iOS_StarterTests.framework in Frameworks */ = {isa = PBXBuildFile; fileRef = 01EF532D1D184316E3B81D52 /* Pods_iOS_StarterTests.framework */; };
/* End PBXBuildFile section */

/* Begin PBXContainerItemProxy section */
		2A1CF2241D6B8460004B4D8F /* PBXContainerItemProxy */ = {
			isa = PBXContainerItemProxy;
			containerPortal = 2A1CF2071D6B8460004B4D8F /* Project object */;
			proxyType = 1;
			remoteGlobalIDString = 2A1CF20E1D6B8460004B4D8F;
			remoteInfo = "iOS Starter";
		};
		2A1CF22F1D6B8460004B4D8F /* PBXContainerItemProxy */ = {
			isa = PBXContainerItemProxy;
			containerPortal = 2A1CF2071D6B8460004B4D8F /* Project object */;
			proxyType = 1;
			remoteGlobalIDString = 2A1CF20E1D6B8460004B4D8F;
			remoteInfo = "iOS Starter";
		};
/* End PBXContainerItemProxy section */

/* Begin PBXFileReference section */
		01EF532D1D184316E3B81D52 /* Pods_iOS_StarterTests.framework */ = {isa = PBXFileReference; explicitFileType = wrapper.framework; includeInIndex = 0; path = Pods_iOS_StarterTests.framework; sourceTree = BUILT_PRODUCTS_DIR; };
		2A1CF20F1D6B8460004B4D8F /* iOS Starter.app */ = {isa = PBXFileReference; explicitFileType = wrapper.application; includeInIndex = 0; path = "iOS Starter.app"; sourceTree = BUILT_PRODUCTS_DIR; };
		2A1CF2121D6B8460004B4D8F /* AppDelegate.swift */ = {isa = PBXFileReference; lastKnownFileType = sourcecode.swift; path = AppDelegate.swift; sourceTree = "<group>"; };
		2A1CF2141D6B8460004B4D8F /* ViewController.swift */ = {isa = PBXFileReference; lastKnownFileType = sourcecode.swift; path = ViewController.swift; sourceTree = "<group>"; };
		2A1CF2191D6B8460004B4D8F /* Assets.xcassets */ = {isa = PBXFileReference; lastKnownFileType = folder.assetcatalog; path = Assets.xcassets; sourceTree = "<group>"; };
		2A1CF21E1D6B8460004B4D8F /* Info.plist */ = {isa = PBXFileReference; lastKnownFileType = text.plist.xml; path = Info.plist; sourceTree = "<group>"; };
		2A1CF2231D6B8460004B4D8F /* iOS StarterTests.xctest */ = {isa = PBXFileReference; explicitFileType = wrapper.cfbundle; includeInIndex = 0; path = "iOS StarterTests.xctest"; sourceTree = BUILT_PRODUCTS_DIR; };
		2A1CF2271D6B8460004B4D8F /* iOS_StarterTests.swift */ = {isa = PBXFileReference; lastKnownFileType = sourcecode.swift; path = iOS_StarterTests.swift; sourceTree = "<group>"; };
		2A1CF2291D6B8460004B4D8F /* Info.plist */ = {isa = PBXFileReference; lastKnownFileType = text.plist.xml; path = Info.plist; sourceTree = "<group>"; };
		2A1CF22E1D6B8460004B4D8F /* iOS StarterUITests.xctest */ = {isa = PBXFileReference; explicitFileType = wrapper.cfbundle; includeInIndex = 0; path = "iOS StarterUITests.xctest"; sourceTree = BUILT_PRODUCTS_DIR; };
		2A1CF2321D6B8460004B4D8F /* iOS_StarterUITests.swift */ = {isa = PBXFileReference; lastKnownFileType = sourcecode.swift; path = iOS_StarterUITests.swift; sourceTree = "<group>"; };
		2A1CF2341D6B8460004B4D8F /* Info.plist */ = {isa = PBXFileReference; lastKnownFileType = text.plist.xml; path = Info.plist; sourceTree = "<group>"; };
		2A1CF2461D6BC96F004B4D8F /* AppTabBarController.swift */ = {isa = PBXFileReference; fileEncoding = 4; lastKnownFileType = sourcecode.swift; path = AppTabBarController.swift; sourceTree = "<group>"; };
		2A1CF2481D6BCB53004B4D8F /* DiscoverListViewController.swift */ = {isa = PBXFileReference; fileEncoding = 4; lastKnownFileType = sourcecode.swift; path = DiscoverListViewController.swift; sourceTree = "<group>"; };
		2A1CF24A1D6BCE7D004B4D8F /* ProfileTableViewController.swift */ = {isa = PBXFileReference; fileEncoding = 4; lastKnownFileType = sourcecode.swift; path = ProfileTableViewController.swift; sourceTree = "<group>"; };
		2A1CF24C1D6BD428004B4D8F /* DiscoverCell.swift */ = {isa = PBXFileReference; fileEncoding = 4; lastKnownFileType = sourcecode.swift; path = DiscoverCell.swift; sourceTree = "<group>"; };
		2A1CF24E1D6BD54D004B4D8F /* DiscoverCellDataProvider.swift */ = {isa = PBXFileReference; fileEncoding = 4; lastKnownFileType = sourcecode.swift; path = DiscoverCellDataProvider.swift; sourceTree = "<group>"; };
		2A1CF2531D6C1C08004B4D8F /* SearchViewController.swift */ = {isa = PBXFileReference; fileEncoding = 4; lastKnownFileType = sourcecode.swift; path = SearchViewController.swift; sourceTree = "<group>"; };
		2A1CF2561D6C1CEA004B4D8F /* AppNavigationController.swift */ = {isa = PBXFileReference; fileEncoding = 4; lastKnownFileType = sourcecode.swift; path = AppNavigationController.swift; sourceTree = "<group>"; };
		2A1CF2581D6C1D61004B4D8F /* DiscoverNavigationController.swift */ = {isa = PBXFileReference; fileEncoding = 4; lastKnownFileType = sourcecode.swift; path = DiscoverNavigationController.swift; sourceTree = "<group>"; };
		2A1CF25A1D6C1E79004B4D8F /* SearchNavigationController.swift */ = {isa = PBXFileReference; fileEncoding = 4; lastKnownFileType = sourcecode.swift; path = SearchNavigationController.swift; sourceTree = "<group>"; };
		2A1CF25C1D6C1EC2004B4D8F /* ProfileNavigationController.swift */ = {isa = PBXFileReference; fileEncoding = 4; lastKnownFileType = sourcecode.swift; path = ProfileNavigationController.swift; sourceTree = "<group>"; };
		2A348EBC1D70134600D9BAA9 /* ProfileHeaderView.swift */ = {isa = PBXFileReference; fileEncoding = 4; lastKnownFileType = sourcecode.swift; path = ProfileHeaderView.swift; sourceTree = "<group>"; };
		2A36F5BE1D6DA6C500BD6739 /* LureDetailCell.swift */ = {isa = PBXFileReference; fileEncoding = 4; lastKnownFileType = sourcecode.swift; path = LureDetailCell.swift; sourceTree = "<group>"; };
		2A36F5C01D6DA6CE00BD6739 /* LureLocationCell.swift */ = {isa = PBXFileReference; fileEncoding = 4; lastKnownFileType = sourcecode.swift; path = LureLocationCell.swift; sourceTree = "<group>"; };
		2A36F5C21D6DABA200BD6739 /* LureTableView.swift */ = {isa = PBXFileReference; fileEncoding = 4; lastKnownFileType = sourcecode.swift; path = LureTableView.swift; sourceTree = "<group>"; };
		2A3EBBE31D71FD0400106483 /* Simplify.bundle */ = {isa = PBXFileReference; lastKnownFileType = "wrapper.plug-in"; path = Simplify.bundle; sourceTree = "<group>"; };
		2A3EBBE41D71FD0400106483 /* Simplify.framework */ = {isa = PBXFileReference; lastKnownFileType = wrapper.framework; path = Simplify.framework; sourceTree = "<group>"; };
		2A4DFF361D6C2E5A008FE51F /* ACTabScrollView+Protocol.swift */ = {isa = PBXFileReference; fileEncoding = 4; lastKnownFileType = sourcecode.swift; path = "ACTabScrollView+Protocol.swift"; sourceTree = "<group>"; };
		2A4DFF381D6C2E7E008FE51F /* ACTabScrollView.swift */ = {isa = PBXFileReference; fileEncoding = 4; lastKnownFileType = sourcecode.swift; path = ACTabScrollView.swift; sourceTree = "<group>"; };
		2A7E3F951D6FBA400089264E /* PurchaseDetailViewController.swift */ = {isa = PBXFileReference; fileEncoding = 4; lastKnownFileType = sourcecode.swift; path = PurchaseDetailViewController.swift; sourceTree = "<group>"; };
		2A91AD241D6C364700850321 /* DiscoverTabView.swift */ = {isa = PBXFileReference; fileEncoding = 4; lastKnownFileType = sourcecode.swift; path = DiscoverTabView.swift; sourceTree = "<group>"; };
		2A96D6251D6D754D008C8E4D /* DiscoverTableView.swift */ = {isa = PBXFileReference; fileEncoding = 4; lastKnownFileType = sourcecode.swift; path = DiscoverTableView.swift; sourceTree = "<group>"; };
		2A96D6271D6D7D16008C8E4D /* club.jpg */ = {isa = PBXFileReference; lastKnownFileType = image.jpeg; path = club.jpg; sourceTree = "<group>"; };
		2A96D62C1D6D947E008C8E4D /* LureDetailViewController.swift */ = {isa = PBXFileReference; fileEncoding = 4; lastKnownFileType = sourcecode.swift; path = LureDetailViewController.swift; sourceTree = "<group>"; };
		2A96D62F1D6D964E008C8E4D /* ModalNavigationController.swift */ = {isa = PBXFileReference; fileEncoding = 4; lastKnownFileType = sourcecode.swift; path = ModalNavigationController.swift; sourceTree = "<group>"; };
		2AB155FF1D6F951E00342D2C /* CategoryCollectionCell.swift */ = {isa = PBXFileReference; fileEncoding = 4; lastKnownFileType = sourcecode.swift; path = CategoryCollectionCell.swift; sourceTree = "<group>"; };
		2AB156011D6F9CB900342D2C /* restaurants.jpg */ = {isa = PBXFileReference; lastKnownFileType = image.jpeg; path = restaurants.jpg; sourceTree = "<group>"; };
		2AB156071D6FA2AD00342D2C /* SearchTableCell.swift */ = {isa = PBXFileReference; fileEncoding = 4; lastKnownFileType = sourcecode.swift; path = SearchTableCell.swift; sourceTree = "<group>"; };
		2AB156091D6FADE000342D2C /* PurchaseListViewController.swift */ = {isa = PBXFileReference; fileEncoding = 4; lastKnownFileType = sourcecode.swift; path = PurchaseListViewController.swift; sourceTree = "<group>"; };
		2AB1560C1D6FB0A000342D2C /* PurchaseNavigationController.swift */ = {isa = PBXFileReference; fileEncoding = 4; lastKnownFileType = sourcecode.swift; path = PurchaseNavigationController.swift; sourceTree = "<group>"; };
		2AB1560E1D6FB14500342D2C /* PurchaseCell.swift */ = {isa = PBXFileReference; fileEncoding = 4; lastKnownFileType = sourcecode.swift; path = PurchaseCell.swift; sourceTree = "<group>"; };
		2AC5EC1C1D701C6B0054A582 /* ProfileSettingCell.swift */ = {isa = PBXFileReference; fileEncoding = 4; lastKnownFileType = sourcecode.swift; path = ProfileSettingCell.swift; sourceTree = "<group>"; };
		2AC5EC271D70223C0054A582 /* profile@2x.png */ = {isa = PBXFileReference; lastKnownFileType = image.png; path = "profile@2x.png"; sourceTree = "<group>"; };
		2AC5EC291D7022400054A582 /* purchases@2x.png */ = {isa = PBXFileReference; lastKnownFileType = image.png; path = "purchases@2x.png"; sourceTree = "<group>"; };
		2AC5EC2B1D7022450054A582 /* discover@2x.png */ = {isa = PBXFileReference; lastKnownFileType = image.png; path = "discover@2x.png"; sourceTree = "<group>"; };
		2AC5EC2D1D70224B0054A582 /* search@2x.png */ = {isa = PBXFileReference; lastKnownFileType = image.png; path = "search@2x.png"; sourceTree = "<group>"; };
		2AC5EC2F1D702E1D0054A582 /* PollCell.swift */ = {isa = PBXFileReference; fileEncoding = 4; lastKnownFileType = sourcecode.swift; path = PollCell.swift; sourceTree = "<group>"; };
		2AC5EC311D7042090054A582 /* PollFormViewController.swift */ = {isa = PBXFileReference; fileEncoding = 4; lastKnownFileType = sourcecode.swift; path = PollFormViewController.swift; sourceTree = "<group>"; };
		2AD1F3D71D6EB2FA009C2AA0 /* SearchResultsController.swift */ = {isa = PBXFileReference; fileEncoding = 4; lastKnownFileType = sourcecode.swift; path = SearchResultsController.swift; sourceTree = "<group>"; };
		31B628A7197899F47904D70B /* Pods-iOS Starter.debug.xcconfig */ = {isa = PBXFileReference; includeInIndex = 1; lastKnownFileType = text.xcconfig; name = "Pods-iOS Starter.debug.xcconfig"; path = "Pods/Target Support Files/Pods-iOS Starter/Pods-iOS Starter.debug.xcconfig"; sourceTree = "<group>"; };
		53DB2CE3B0E5B60BB54720BB /* Pods-iOS StarterUITests.release.xcconfig */ = {isa = PBXFileReference; includeInIndex = 1; lastKnownFileType = text.xcconfig; name = "Pods-iOS StarterUITests.release.xcconfig"; path = "Pods/Target Support Files/Pods-iOS StarterUITests/Pods-iOS StarterUITests.release.xcconfig"; sourceTree = "<group>"; };
		666E6E5B96A83EE566F21DF6 /* Pods-iOS StarterUITests.debug.xcconfig */ = {isa = PBXFileReference; includeInIndex = 1; lastKnownFileType = text.xcconfig; name = "Pods-iOS StarterUITests.debug.xcconfig"; path = "Pods/Target Support Files/Pods-iOS StarterUITests/Pods-iOS StarterUITests.debug.xcconfig"; sourceTree = "<group>"; };
		74532A8E1D6C21FE001D5FBF /* Endpoint.swift */ = {isa = PBXFileReference; fileEncoding = 4; lastKnownFileType = sourcecode.swift; path = Endpoint.swift; sourceTree = "<group>"; };
		74E4C5041D71EFEB00E37828 /* Extensions.swift */ = {isa = PBXFileReference; fileEncoding = 4; lastKnownFileType = sourcecode.swift; path = Extensions.swift; sourceTree = "<group>"; };
		9CE77272967374A3147CA839 /* Pods-iOS Starter.release.xcconfig */ = {isa = PBXFileReference; includeInIndex = 1; lastKnownFileType = text.xcconfig; name = "Pods-iOS Starter.release.xcconfig"; path = "Pods/Target Support Files/Pods-iOS Starter/Pods-iOS Starter.release.xcconfig"; sourceTree = "<group>"; };
		B2AFD59D18288522720D0C92 /* Pods-iOS StarterTests.release.xcconfig */ = {isa = PBXFileReference; includeInIndex = 1; lastKnownFileType = text.xcconfig; name = "Pods-iOS StarterTests.release.xcconfig"; path = "Pods/Target Support Files/Pods-iOS StarterTests/Pods-iOS StarterTests.release.xcconfig"; sourceTree = "<group>"; };
		D2507375A4F5671ACDCAA172 /* Pods_iOS_StarterUITests.framework */ = {isa = PBXFileReference; explicitFileType = wrapper.framework; includeInIndex = 0; path = Pods_iOS_StarterUITests.framework; sourceTree = BUILT_PRODUCTS_DIR; };
		DBCC4D1946B03B07FB753FD2 /* Pods-iOS StarterTests.debug.xcconfig */ = {isa = PBXFileReference; includeInIndex = 1; lastKnownFileType = text.xcconfig; name = "Pods-iOS StarterTests.debug.xcconfig"; path = "Pods/Target Support Files/Pods-iOS StarterTests/Pods-iOS StarterTests.debug.xcconfig"; sourceTree = "<group>"; };
		E6834DEF2D20FB14667970F6 /* Pods_iOS_Starter.framework */ = {isa = PBXFileReference; explicitFileType = wrapper.framework; includeInIndex = 0; path = Pods_iOS_Starter.framework; sourceTree = BUILT_PRODUCTS_DIR; };
/* End PBXFileReference section */

/* Begin PBXFrameworksBuildPhase section */
		2A1CF20C1D6B8460004B4D8F /* Frameworks */ = {
			isa = PBXFrameworksBuildPhase;
			buildActionMask = 2147483647;
			files = (
				11635E5A3EEA74CDF3EBF0D4 /* Pods_iOS_Starter.framework in Frameworks */,
				2A3EBBE61D71FD0400106483 /* Simplify.framework in Frameworks */,
			);
			runOnlyForDeploymentPostprocessing = 0;
		};
		2A1CF2201D6B8460004B4D8F /* Frameworks */ = {
			isa = PBXFrameworksBuildPhase;
			buildActionMask = 2147483647;
			files = (
				F8C8231F2C686E29ED6CA5AE /* Pods_iOS_StarterTests.framework in Frameworks */,
			);
			runOnlyForDeploymentPostprocessing = 0;
		};
		2A1CF22B1D6B8460004B4D8F /* Frameworks */ = {
			isa = PBXFrameworksBuildPhase;
			buildActionMask = 2147483647;
			files = (
				72E25387698953A63F84D3E0 /* Pods_iOS_StarterUITests.framework in Frameworks */,
			);
			runOnlyForDeploymentPostprocessing = 0;
		};
/* End PBXFrameworksBuildPhase section */

/* Begin PBXGroup section */
		0943A33DA919B0E4E0526667 /* Pods */ = {
			isa = PBXGroup;
			children = (
				31B628A7197899F47904D70B /* Pods-iOS Starter.debug.xcconfig */,
				9CE77272967374A3147CA839 /* Pods-iOS Starter.release.xcconfig */,
				DBCC4D1946B03B07FB753FD2 /* Pods-iOS StarterTests.debug.xcconfig */,
				B2AFD59D18288522720D0C92 /* Pods-iOS StarterTests.release.xcconfig */,
				666E6E5B96A83EE566F21DF6 /* Pods-iOS StarterUITests.debug.xcconfig */,
				53DB2CE3B0E5B60BB54720BB /* Pods-iOS StarterUITests.release.xcconfig */,
			);
			name = Pods;
			sourceTree = "<group>";
		};
		2A1CF2061D6B8460004B4D8F = {
			isa = PBXGroup;
			children = (
				2A3EBBE31D71FD0400106483 /* Simplify.bundle */,
				2A3EBBE41D71FD0400106483 /* Simplify.framework */,
				2A1CF2111D6B8460004B4D8F /* iOS Starter */,
				2A1CF2261D6B8460004B4D8F /* iOS StarterTests */,
				2A1CF2311D6B8460004B4D8F /* iOS StarterUITests */,
				2A1CF2101D6B8460004B4D8F /* Products */,
				0943A33DA919B0E4E0526667 /* Pods */,
				31C2B0E256281A039D40F802 /* Frameworks */,
			);
			sourceTree = "<group>";
		};
		2A1CF2101D6B8460004B4D8F /* Products */ = {
			isa = PBXGroup;
			children = (
				2A1CF20F1D6B8460004B4D8F /* iOS Starter.app */,
				2A1CF2231D6B8460004B4D8F /* iOS StarterTests.xctest */,
				2A1CF22E1D6B8460004B4D8F /* iOS StarterUITests.xctest */,
			);
			name = Products;
			sourceTree = "<group>";
		};
		2A1CF2111D6B8460004B4D8F /* iOS Starter */ = {
			isa = PBXGroup;
			children = (
				2A1CF2121D6B8460004B4D8F /* AppDelegate.swift */,
				2A1CF2461D6BC96F004B4D8F /* AppTabBarController.swift */,
				2A1CF2561D6C1CEA004B4D8F /* AppNavigationController.swift */,
				2A96D62F1D6D964E008C8E4D /* ModalNavigationController.swift */,
				2A1CF2511D6C196C004B4D8F /* Discover */,
				2A96D62E1D6D9483008C8E4D /* Lure */,
				2A1CF2551D6C1C1D004B4D8F /* Search */,
				2AB1560B1D6FADE600342D2C /* Purchase */,
				2A1CF2521D6C1B6D004B4D8F /* Profile */,
				2A1CF2141D6B8460004B4D8F /* ViewController.swift */,
				74532A8E1D6C21FE001D5FBF /* Endpoint.swift */,
				74E4C5041D71EFEB00E37828 /* Extensions.swift */,
				2A1CF2191D6B8460004B4D8F /* Assets.xcassets */,
				2A1CF21E1D6B8460004B4D8F /* Info.plist */,
				2A4DFF3A1D6C2EA3008FE51F /* Third Party */,
				2AB155FD1D6F7BE400342D2C /* Resrc */,
			);
			path = "iOS Starter";
			sourceTree = "<group>";
		};
		2A1CF2261D6B8460004B4D8F /* iOS StarterTests */ = {
			isa = PBXGroup;
			children = (
				2A1CF2271D6B8460004B4D8F /* iOS_StarterTests.swift */,
				2A1CF2291D6B8460004B4D8F /* Info.plist */,
			);
			path = "iOS StarterTests";
			sourceTree = "<group>";
		};
		2A1CF2311D6B8460004B4D8F /* iOS StarterUITests */ = {
			isa = PBXGroup;
			children = (
				2A1CF2321D6B8460004B4D8F /* iOS_StarterUITests.swift */,
				2A1CF2341D6B8460004B4D8F /* Info.plist */,
			);
			path = "iOS StarterUITests";
			sourceTree = "<group>";
		};
		2A1CF2511D6C196C004B4D8F /* Discover */ = {
			isa = PBXGroup;
			children = (
				2A1CF2581D6C1D61004B4D8F /* DiscoverNavigationController.swift */,
				2A1CF2481D6BCB53004B4D8F /* DiscoverListViewController.swift */,
				2A96D6251D6D754D008C8E4D /* DiscoverTableView.swift */,
				2A1CF24C1D6BD428004B4D8F /* DiscoverCell.swift */,
				2A1CF24E1D6BD54D004B4D8F /* DiscoverCellDataProvider.swift */,
				2A91AD241D6C364700850321 /* DiscoverTabView.swift */,
				2AC5EC2F1D702E1D0054A582 /* PollCell.swift */,
				2AC5EC311D7042090054A582 /* PollFormViewController.swift */,
			);
			name = Discover;
			sourceTree = "<group>";
		};
		2A1CF2521D6C1B6D004B4D8F /* Profile */ = {
			isa = PBXGroup;
			children = (
				2A1CF25C1D6C1EC2004B4D8F /* ProfileNavigationController.swift */,
				2A1CF24A1D6BCE7D004B4D8F /* ProfileTableViewController.swift */,
				2A348EBC1D70134600D9BAA9 /* ProfileHeaderView.swift */,
				2AC5EC1C1D701C6B0054A582 /* ProfileSettingCell.swift */,
			);
			name = Profile;
			sourceTree = "<group>";
		};
		2A1CF2551D6C1C1D004B4D8F /* Search */ = {
			isa = PBXGroup;
			children = (
				2A1CF25A1D6C1E79004B4D8F /* SearchNavigationController.swift */,
				2A1CF2531D6C1C08004B4D8F /* SearchViewController.swift */,
				2AB155FF1D6F951E00342D2C /* CategoryCollectionCell.swift */,
				2AD1F3D71D6EB2FA009C2AA0 /* SearchResultsController.swift */,
				2AB156071D6FA2AD00342D2C /* SearchTableCell.swift */,
			);
			name = Search;
			sourceTree = "<group>";
		};
		2A4DFF3A1D6C2EA3008FE51F /* Third Party */ = {
			isa = PBXGroup;
			children = (
				2A4DFF3B1D6C2EAD008FE51F /* ACTabScrollView */,
			);
			name = "Third Party";
			sourceTree = "<group>";
		};
		2A4DFF3B1D6C2EAD008FE51F /* ACTabScrollView */ = {
			isa = PBXGroup;
			children = (
				2A4DFF361D6C2E5A008FE51F /* ACTabScrollView+Protocol.swift */,
				2A4DFF381D6C2E7E008FE51F /* ACTabScrollView.swift */,
			);
			name = ACTabScrollView;
			sourceTree = "<group>";
		};
		2A96D62E1D6D9483008C8E4D /* Lure */ = {
			isa = PBXGroup;
			children = (
				2A96D62C1D6D947E008C8E4D /* LureDetailViewController.swift */,
				2A36F5C21D6DABA200BD6739 /* LureTableView.swift */,
				2A36F5BE1D6DA6C500BD6739 /* LureDetailCell.swift */,
				2A36F5C01D6DA6CE00BD6739 /* LureLocationCell.swift */,
			);
			name = Lure;
			sourceTree = "<group>";
		};
		2AB155FD1D6F7BE400342D2C /* Resrc */ = {
			isa = PBXGroup;
			children = (
				2AB155FE1D6F7BFB00342D2C /* Images */,
			);
			name = Resrc;
			sourceTree = "<group>";
		};
		2AB155FE1D6F7BFB00342D2C /* Images */ = {
			isa = PBXGroup;
			children = (
				2AC5EC261D7020D70054A582 /* Tabs */,
				2AB156031D6F9CBC00342D2C /* Categories */,
				2A96D6271D6D7D16008C8E4D /* club.jpg */,
			);
			name = Images;
			sourceTree = "<group>";
		};
		2AB156031D6F9CBC00342D2C /* Categories */ = {
			isa = PBXGroup;
			children = (
				2AB156011D6F9CB900342D2C /* restaurants.jpg */,
			);
			name = Categories;
			sourceTree = "<group>";
		};
		2AB1560B1D6FADE600342D2C /* Purchase */ = {
			isa = PBXGroup;
			children = (
				2AB1560C1D6FB0A000342D2C /* PurchaseNavigationController.swift */,
				2AB156091D6FADE000342D2C /* PurchaseListViewController.swift */,
				2AB1560E1D6FB14500342D2C /* PurchaseCell.swift */,
				2A7E3F951D6FBA400089264E /* PurchaseDetailViewController.swift */,
			);
			name = Purchase;
			sourceTree = "<group>";
		};
		2AC5EC261D7020D70054A582 /* Tabs */ = {
			isa = PBXGroup;
			children = (
				2AC5EC271D70223C0054A582 /* profile@2x.png */,
				2AC5EC291D7022400054A582 /* purchases@2x.png */,
				2AC5EC2B1D7022450054A582 /* discover@2x.png */,
				2AC5EC2D1D70224B0054A582 /* search@2x.png */,
			);
			name = Tabs;
			sourceTree = "<group>";
		};
		31C2B0E256281A039D40F802 /* Frameworks */ = {
			isa = PBXGroup;
			children = (
				E6834DEF2D20FB14667970F6 /* Pods_iOS_Starter.framework */,
				01EF532D1D184316E3B81D52 /* Pods_iOS_StarterTests.framework */,
				D2507375A4F5671ACDCAA172 /* Pods_iOS_StarterUITests.framework */,
			);
			name = Frameworks;
			sourceTree = "<group>";
		};
/* End PBXGroup section */

/* Begin PBXNativeTarget section */
		2A1CF20E1D6B8460004B4D8F /* iOS Starter */ = {
			isa = PBXNativeTarget;
			buildConfigurationList = 2A1CF2371D6B8460004B4D8F /* Build configuration list for PBXNativeTarget "iOS Starter" */;
			buildPhases = (
				61EC8EC0DA48C98836526F94 /* [CP] Check Pods Manifest.lock */,
				2A1CF20B1D6B8460004B4D8F /* Sources */,
				2A1CF20C1D6B8460004B4D8F /* Frameworks */,
				2A1CF20D1D6B8460004B4D8F /* Resources */,
				D67551497B4D33AD145A32E3 /* [CP] Embed Pods Frameworks */,
				796F6B44B5C6BEAA1F2C1AAF /* [CP] Copy Pods Resources */,
			);
			buildRules = (
			);
			dependencies = (
			);
			name = "iOS Starter";
			productName = "iOS Starter";
			productReference = 2A1CF20F1D6B8460004B4D8F /* iOS Starter.app */;
			productType = "com.apple.product-type.application";
		};
		2A1CF2221D6B8460004B4D8F /* iOS StarterTests */ = {
			isa = PBXNativeTarget;
			buildConfigurationList = 2A1CF23A1D6B8460004B4D8F /* Build configuration list for PBXNativeTarget "iOS StarterTests" */;
			buildPhases = (
				334F28511B7A5C2F64E6CD93 /* [CP] Check Pods Manifest.lock */,
				2A1CF21F1D6B8460004B4D8F /* Sources */,
				2A1CF2201D6B8460004B4D8F /* Frameworks */,
				2A1CF2211D6B8460004B4D8F /* Resources */,
				279907AE8B74BC3DF22C716B /* [CP] Embed Pods Frameworks */,
				105E7516EEDE7293AECCCC58 /* [CP] Copy Pods Resources */,
			);
			buildRules = (
			);
			dependencies = (
				2A1CF2251D6B8460004B4D8F /* PBXTargetDependency */,
			);
			name = "iOS StarterTests";
			productName = "iOS StarterTests";
			productReference = 2A1CF2231D6B8460004B4D8F /* iOS StarterTests.xctest */;
			productType = "com.apple.product-type.bundle.unit-test";
		};
		2A1CF22D1D6B8460004B4D8F /* iOS StarterUITests */ = {
			isa = PBXNativeTarget;
			buildConfigurationList = 2A1CF23D1D6B8460004B4D8F /* Build configuration list for PBXNativeTarget "iOS StarterUITests" */;
			buildPhases = (
				D5F7D9D4843011E09F60B29C /* [CP] Check Pods Manifest.lock */,
				2A1CF22A1D6B8460004B4D8F /* Sources */,
				2A1CF22B1D6B8460004B4D8F /* Frameworks */,
				2A1CF22C1D6B8460004B4D8F /* Resources */,
				E0377F136270AC4A4A4321D8 /* [CP] Copy Pods Resources */,
			);
			buildRules = (
			);
			dependencies = (
				2A1CF2301D6B8460004B4D8F /* PBXTargetDependency */,
			);
			name = "iOS StarterUITests";
			productName = "iOS StarterUITests";
			productReference = 2A1CF22E1D6B8460004B4D8F /* iOS StarterUITests.xctest */;
			productType = "com.apple.product-type.bundle.ui-testing";
		};
/* End PBXNativeTarget section */

/* Begin PBXProject section */
		2A1CF2071D6B8460004B4D8F /* Project object */ = {
			isa = PBXProject;
			attributes = {
				LastSwiftUpdateCheck = 0800;
				LastUpgradeCheck = 0800;
				ORGANIZATIONNAME = wenqiwu;
				TargetAttributes = {
					2A1CF20E1D6B8460004B4D8F = {
						CreatedOnToolsVersion = 8.0;
						DevelopmentTeam = ZTP9RF6M6K;
						ProvisioningStyle = Automatic;
					};
					2A1CF2221D6B8460004B4D8F = {
						CreatedOnToolsVersion = 8.0;
						DevelopmentTeam = WHQUYPT37U;
						ProvisioningStyle = Automatic;
						TestTargetID = 2A1CF20E1D6B8460004B4D8F;
					};
					2A1CF22D1D6B8460004B4D8F = {
						CreatedOnToolsVersion = 8.0;
						DevelopmentTeam = WHQUYPT37U;
						ProvisioningStyle = Automatic;
						TestTargetID = 2A1CF20E1D6B8460004B4D8F;
					};
				};
			};
			buildConfigurationList = 2A1CF20A1D6B8460004B4D8F /* Build configuration list for PBXProject "iOS Starter" */;
			compatibilityVersion = "Xcode 3.2";
			developmentRegion = English;
			hasScannedForEncodings = 0;
			knownRegions = (
				en,
				Base,
			);
			mainGroup = 2A1CF2061D6B8460004B4D8F;
			productRefGroup = 2A1CF2101D6B8460004B4D8F /* Products */;
			projectDirPath = "";
			projectRoot = "";
			targets = (
				2A1CF20E1D6B8460004B4D8F /* iOS Starter */,
				2A1CF2221D6B8460004B4D8F /* iOS StarterTests */,
				2A1CF22D1D6B8460004B4D8F /* iOS StarterUITests */,
			);
		};
/* End PBXProject section */

/* Begin PBXResourcesBuildPhase section */
		2A1CF20D1D6B8460004B4D8F /* Resources */ = {
			isa = PBXResourcesBuildPhase;
			buildActionMask = 2147483647;
			files = (
				2AC5EC2A1D7022400054A582 /* purchases@2x.png in Resources */,
				2A96D6281D6D7D16008C8E4D /* club.jpg in Resources */,
				2AB156021D6F9CB900342D2C /* restaurants.jpg in Resources */,
				2A1CF21A1D6B8460004B4D8F /* Assets.xcassets in Resources */,
				2A3EBBE51D71FD0400106483 /* Simplify.bundle in Resources */,
				2AC5EC281D70223C0054A582 /* profile@2x.png in Resources */,
				2AC5EC2C1D7022450054A582 /* discover@2x.png in Resources */,
				2AC5EC2E1D70224B0054A582 /* search@2x.png in Resources */,
			);
			runOnlyForDeploymentPostprocessing = 0;
		};
		2A1CF2211D6B8460004B4D8F /* Resources */ = {
			isa = PBXResourcesBuildPhase;
			buildActionMask = 2147483647;
			files = (
			);
			runOnlyForDeploymentPostprocessing = 0;
		};
		2A1CF22C1D6B8460004B4D8F /* Resources */ = {
			isa = PBXResourcesBuildPhase;
			buildActionMask = 2147483647;
			files = (
			);
			runOnlyForDeploymentPostprocessing = 0;
		};
/* End PBXResourcesBuildPhase section */

/* Begin PBXShellScriptBuildPhase section */
		105E7516EEDE7293AECCCC58 /* [CP] Copy Pods Resources */ = {
			isa = PBXShellScriptBuildPhase;
			buildActionMask = 2147483647;
			files = (
			);
			inputPaths = (
			);
			name = "[CP] Copy Pods Resources";
			outputPaths = (
			);
			runOnlyForDeploymentPostprocessing = 0;
			shellPath = /bin/sh;
			shellScript = "\"${SRCROOT}/Pods/Target Support Files/Pods-iOS StarterTests/Pods-iOS StarterTests-resources.sh\"\n";
			showEnvVarsInLog = 0;
		};
		279907AE8B74BC3DF22C716B /* [CP] Embed Pods Frameworks */ = {
			isa = PBXShellScriptBuildPhase;
			buildActionMask = 2147483647;
			files = (
			);
			inputPaths = (
			);
			name = "[CP] Embed Pods Frameworks";
			outputPaths = (
			);
			runOnlyForDeploymentPostprocessing = 0;
			shellPath = /bin/sh;
			shellScript = "\"${SRCROOT}/Pods/Target Support Files/Pods-iOS StarterTests/Pods-iOS StarterTests-frameworks.sh\"\n";
			showEnvVarsInLog = 0;
		};
		334F28511B7A5C2F64E6CD93 /* [CP] Check Pods Manifest.lock */ = {
			isa = PBXShellScriptBuildPhase;
			buildActionMask = 2147483647;
			files = (
			);
			inputPaths = (
			);
			name = "[CP] Check Pods Manifest.lock";
			outputPaths = (
			);
			runOnlyForDeploymentPostprocessing = 0;
			shellPath = /bin/sh;
			shellScript = "diff \"${PODS_ROOT}/../Podfile.lock\" \"${PODS_ROOT}/Manifest.lock\" > /dev/null\nif [[ $? != 0 ]] ; then\n    cat << EOM\nerror: The sandbox is not in sync with the Podfile.lock. Run 'pod install' or update your CocoaPods installation.\nEOM\n    exit 1\nfi\n";
			showEnvVarsInLog = 0;
		};
		61EC8EC0DA48C98836526F94 /* [CP] Check Pods Manifest.lock */ = {
			isa = PBXShellScriptBuildPhase;
			buildActionMask = 2147483647;
			files = (
			);
			inputPaths = (
			);
			name = "[CP] Check Pods Manifest.lock";
			outputPaths = (
			);
			runOnlyForDeploymentPostprocessing = 0;
			shellPath = /bin/sh;
			shellScript = "diff \"${PODS_ROOT}/../Podfile.lock\" \"${PODS_ROOT}/Manifest.lock\" > /dev/null\nif [[ $? != 0 ]] ; then\n    cat << EOM\nerror: The sandbox is not in sync with the Podfile.lock. Run 'pod install' or update your CocoaPods installation.\nEOM\n    exit 1\nfi\n";
			showEnvVarsInLog = 0;
		};
		796F6B44B5C6BEAA1F2C1AAF /* [CP] Copy Pods Resources */ = {
			isa = PBXShellScriptBuildPhase;
			buildActionMask = 2147483647;
			files = (
			);
			inputPaths = (
			);
			name = "[CP] Copy Pods Resources";
			outputPaths = (
			);
			runOnlyForDeploymentPostprocessing = 0;
			shellPath = /bin/sh;
			shellScript = "\"${SRCROOT}/Pods/Target Support Files/Pods-iOS Starter/Pods-iOS Starter-resources.sh\"\n";
			showEnvVarsInLog = 0;
		};
		D5F7D9D4843011E09F60B29C /* [CP] Check Pods Manifest.lock */ = {
			isa = PBXShellScriptBuildPhase;
			buildActionMask = 2147483647;
			files = (
			);
			inputPaths = (
			);
			name = "[CP] Check Pods Manifest.lock";
			outputPaths = (
			);
			runOnlyForDeploymentPostprocessing = 0;
			shellPath = /bin/sh;
			shellScript = "diff \"${PODS_ROOT}/../Podfile.lock\" \"${PODS_ROOT}/Manifest.lock\" > /dev/null\nif [[ $? != 0 ]] ; then\n    cat << EOM\nerror: The sandbox is not in sync with the Podfile.lock. Run 'pod install' or update your CocoaPods installation.\nEOM\n    exit 1\nfi\n";
			showEnvVarsInLog = 0;
		};
		D67551497B4D33AD145A32E3 /* [CP] Embed Pods Frameworks */ = {
			isa = PBXShellScriptBuildPhase;
			buildActionMask = 2147483647;
			files = (
			);
			inputPaths = (
			);
			name = "[CP] Embed Pods Frameworks";
			outputPaths = (
			);
			runOnlyForDeploymentPostprocessing = 0;
			shellPath = /bin/sh;
			shellScript = "\"${SRCROOT}/Pods/Target Support Files/Pods-iOS Starter/Pods-iOS Starter-frameworks.sh\"\n";
			showEnvVarsInLog = 0;
		};
		E0377F136270AC4A4A4321D8 /* [CP] Copy Pods Resources */ = {
			isa = PBXShellScriptBuildPhase;
			buildActionMask = 2147483647;
			files = (
			);
			inputPaths = (
			);
			name = "[CP] Copy Pods Resources";
			outputPaths = (
			);
			runOnlyForDeploymentPostprocessing = 0;
			shellPath = /bin/sh;
			shellScript = "\"${SRCROOT}/Pods/Target Support Files/Pods-iOS StarterUITests/Pods-iOS StarterUITests-resources.sh\"\n";
			showEnvVarsInLog = 0;
		};
/* End PBXShellScriptBuildPhase section */

/* Begin PBXSourcesBuildPhase section */
		2A1CF20B1D6B8460004B4D8F /* Sources */ = {
			isa = PBXSourcesBuildPhase;
			buildActionMask = 2147483647;
			files = (
				2A91AD251D6C364700850321 /* DiscoverTabView.swift in Sources */,
				2AC5EC321D7042090054A582 /* PollFormViewController.swift in Sources */,
				2A1CF2571D6C1CEA004B4D8F /* AppNavigationController.swift in Sources */,
				2A1CF24F1D6BD54D004B4D8F /* DiscoverCellDataProvider.swift in Sources */,
				2A1CF24B1D6BCE7D004B4D8F /* ProfileTableViewController.swift in Sources */,
				2A96D6261D6D754D008C8E4D /* DiscoverTableView.swift in Sources */,
				2A4DFF371D6C2E5A008FE51F /* ACTabScrollView+Protocol.swift in Sources */,
				2A1CF2541D6C1C08004B4D8F /* SearchViewController.swift in Sources */,
				2A36F5BF1D6DA6C500BD6739 /* LureDetailCell.swift in Sources */,
				2A96D6301D6D964E008C8E4D /* ModalNavigationController.swift in Sources */,
				2A96D62D1D6D947E008C8E4D /* LureDetailViewController.swift in Sources */,
				2AD1F3D81D6EB2FA009C2AA0 /* SearchResultsController.swift in Sources */,
				2AB1560F1D6FB14500342D2C /* PurchaseCell.swift in Sources */,
				2A36F5C11D6DA6CE00BD6739 /* LureLocationCell.swift in Sources */,
				74532A8F1D6C21FE001D5FBF /* Endpoint.swift in Sources */,
				2A1CF2471D6BC96F004B4D8F /* AppTabBarController.swift in Sources */,
				2A36F5C31D6DABA200BD6739 /* LureTableView.swift in Sources */,
				2AB156081D6FA2AD00342D2C /* SearchTableCell.swift in Sources */,
				2A348EBD1D70134600D9BAA9 /* ProfileHeaderView.swift in Sources */,
				2AB1560A1D6FADE000342D2C /* PurchaseListViewController.swift in Sources */,
				2A1CF2151D6B8460004B4D8F /* ViewController.swift in Sources */,
				2AC5EC301D702E1D0054A582 /* PollCell.swift in Sources */,
				2A4DFF391D6C2E7E008FE51F /* ACTabScrollView.swift in Sources */,
				2AC5EC1D1D701C6B0054A582 /* ProfileSettingCell.swift in Sources */,
				2A1CF2491D6BCB53004B4D8F /* DiscoverListViewController.swift in Sources */,
				2A1CF25D1D6C1EC2004B4D8F /* ProfileNavigationController.swift in Sources */,
				2A1CF24D1D6BD428004B4D8F /* DiscoverCell.swift in Sources */,
				2A7E3F961D6FBA400089264E /* PurchaseDetailViewController.swift in Sources */,
				2A1CF2591D6C1D61004B4D8F /* DiscoverNavigationController.swift in Sources */,
				74E4C5051D71EFEB00E37828 /* Extensions.swift in Sources */,
				2A1CF2131D6B8460004B4D8F /* AppDelegate.swift in Sources */,
				2AB156001D6F951E00342D2C /* CategoryCollectionCell.swift in Sources */,
				2AB1560D1D6FB0A000342D2C /* PurchaseNavigationController.swift in Sources */,
				2A1CF25B1D6C1E79004B4D8F /* SearchNavigationController.swift in Sources */,
			);
			runOnlyForDeploymentPostprocessing = 0;
		};
		2A1CF21F1D6B8460004B4D8F /* Sources */ = {
			isa = PBXSourcesBuildPhase;
			buildActionMask = 2147483647;
			files = (
				2A1CF2281D6B8460004B4D8F /* iOS_StarterTests.swift in Sources */,
			);
			runOnlyForDeploymentPostprocessing = 0;
		};
		2A1CF22A1D6B8460004B4D8F /* Sources */ = {
			isa = PBXSourcesBuildPhase;
			buildActionMask = 2147483647;
			files = (
				2A1CF2331D6B8460004B4D8F /* iOS_StarterUITests.swift in Sources */,
			);
			runOnlyForDeploymentPostprocessing = 0;
		};
/* End PBXSourcesBuildPhase section */

/* Begin PBXTargetDependency section */
		2A1CF2251D6B8460004B4D8F /* PBXTargetDependency */ = {
			isa = PBXTargetDependency;
			target = 2A1CF20E1D6B8460004B4D8F /* iOS Starter */;
			targetProxy = 2A1CF2241D6B8460004B4D8F /* PBXContainerItemProxy */;
		};
		2A1CF2301D6B8460004B4D8F /* PBXTargetDependency */ = {
			isa = PBXTargetDependency;
			target = 2A1CF20E1D6B8460004B4D8F /* iOS Starter */;
			targetProxy = 2A1CF22F1D6B8460004B4D8F /* PBXContainerItemProxy */;
		};
/* End PBXTargetDependency section */

/* Begin XCBuildConfiguration section */
		2A1CF2351D6B8460004B4D8F /* Debug */ = {
			isa = XCBuildConfiguration;
			buildSettings = {
				ALWAYS_SEARCH_USER_PATHS = NO;
				CLANG_ANALYZER_NONNULL = YES;
				CLANG_CXX_LANGUAGE_STANDARD = "gnu++0x";
				CLANG_CXX_LIBRARY = "libc++";
				CLANG_ENABLE_MODULES = YES;
				CLANG_ENABLE_OBJC_ARC = YES;
				CLANG_WARN_BOOL_CONVERSION = YES;
				CLANG_WARN_CONSTANT_CONVERSION = YES;
				CLANG_WARN_DIRECT_OBJC_ISA_USAGE = YES_ERROR;
				CLANG_WARN_DOCUMENTATION_COMMENTS = YES;
				CLANG_WARN_EMPTY_BODY = YES;
				CLANG_WARN_ENUM_CONVERSION = YES;
				CLANG_WARN_INFINITE_RECURSION = YES;
				CLANG_WARN_INT_CONVERSION = YES;
				CLANG_WARN_OBJC_ROOT_CLASS = YES_ERROR;
				CLANG_WARN_SUSPICIOUS_MOVES = YES;
				CLANG_WARN_UNREACHABLE_CODE = YES;
				CLANG_WARN__DUPLICATE_METHOD_MATCH = YES;
				"CODE_SIGN_IDENTITY[sdk=iphoneos*]" = "iPhone Developer";
				COPY_PHASE_STRIP = NO;
				DEBUG_INFORMATION_FORMAT = dwarf;
				ENABLE_STRICT_OBJC_MSGSEND = YES;
				ENABLE_TESTABILITY = YES;
				GCC_C_LANGUAGE_STANDARD = gnu99;
				GCC_DYNAMIC_NO_PIC = NO;
				GCC_NO_COMMON_BLOCKS = YES;
				GCC_OPTIMIZATION_LEVEL = 0;
				GCC_PREPROCESSOR_DEFINITIONS = (
					"DEBUG=1",
					"$(inherited)",
				);
				GCC_WARN_64_TO_32_BIT_CONVERSION = YES;
				GCC_WARN_ABOUT_RETURN_TYPE = YES_ERROR;
				GCC_WARN_UNDECLARED_SELECTOR = YES;
				GCC_WARN_UNINITIALIZED_AUTOS = YES_AGGRESSIVE;
				GCC_WARN_UNUSED_FUNCTION = YES;
				GCC_WARN_UNUSED_VARIABLE = YES;
				IPHONEOS_DEPLOYMENT_TARGET = 9.3;
				MTL_ENABLE_DEBUG_INFO = YES;
				ONLY_ACTIVE_ARCH = YES;
				SDKROOT = iphoneos;
				SWIFT_ACTIVE_COMPILATION_CONDITIONS = DEBUG;
				SWIFT_OPTIMIZATION_LEVEL = "-Onone";
				SWIFT_VERSION = 2.3;
				TARGETED_DEVICE_FAMILY = "1,2";
			};
			name = Debug;
		};
		2A1CF2361D6B8460004B4D8F /* Release */ = {
			isa = XCBuildConfiguration;
			buildSettings = {
				ALWAYS_SEARCH_USER_PATHS = NO;
				CLANG_ANALYZER_NONNULL = YES;
				CLANG_CXX_LANGUAGE_STANDARD = "gnu++0x";
				CLANG_CXX_LIBRARY = "libc++";
				CLANG_ENABLE_MODULES = YES;
				CLANG_ENABLE_OBJC_ARC = YES;
				CLANG_WARN_BOOL_CONVERSION = YES;
				CLANG_WARN_CONSTANT_CONVERSION = YES;
				CLANG_WARN_DIRECT_OBJC_ISA_USAGE = YES_ERROR;
				CLANG_WARN_DOCUMENTATION_COMMENTS = YES;
				CLANG_WARN_EMPTY_BODY = YES;
				CLANG_WARN_ENUM_CONVERSION = YES;
				CLANG_WARN_INFINITE_RECURSION = YES;
				CLANG_WARN_INT_CONVERSION = YES;
				CLANG_WARN_OBJC_ROOT_CLASS = YES_ERROR;
				CLANG_WARN_SUSPICIOUS_MOVES = YES;
				CLANG_WARN_UNREACHABLE_CODE = YES;
				CLANG_WARN__DUPLICATE_METHOD_MATCH = YES;
				"CODE_SIGN_IDENTITY[sdk=iphoneos*]" = "iPhone Developer";
				COPY_PHASE_STRIP = NO;
				DEBUG_INFORMATION_FORMAT = "dwarf-with-dsym";
				ENABLE_NS_ASSERTIONS = NO;
				ENABLE_STRICT_OBJC_MSGSEND = YES;
				GCC_C_LANGUAGE_STANDARD = gnu99;
				GCC_NO_COMMON_BLOCKS = YES;
				GCC_WARN_64_TO_32_BIT_CONVERSION = YES;
				GCC_WARN_ABOUT_RETURN_TYPE = YES_ERROR;
				GCC_WARN_UNDECLARED_SELECTOR = YES;
				GCC_WARN_UNINITIALIZED_AUTOS = YES_AGGRESSIVE;
				GCC_WARN_UNUSED_FUNCTION = YES;
				GCC_WARN_UNUSED_VARIABLE = YES;
				IPHONEOS_DEPLOYMENT_TARGET = 9.3;
				MTL_ENABLE_DEBUG_INFO = NO;
				SDKROOT = iphoneos;
				SWIFT_OPTIMIZATION_LEVEL = "-Owholemodule";
				SWIFT_VERSION = 2.3;
				TARGETED_DEVICE_FAMILY = "1,2";
				VALIDATE_PRODUCT = YES;
			};
			name = Release;
		};
		2A1CF2381D6B8460004B4D8F /* Debug */ = {
			isa = XCBuildConfiguration;
			baseConfigurationReference = 31B628A7197899F47904D70B /* Pods-iOS Starter.debug.xcconfig */;
			buildSettings = {
				ASSETCATALOG_COMPILER_APPICON_NAME = AppIcon;
				CODE_SIGN_IDENTITY = "iPhone Developer";
				"CODE_SIGN_IDENTITY[sdk=iphoneos*]" = "iPhone Developer";
				DEVELOPMENT_TEAM = WHQUYPT37U;
				FRAMEWORK_SEARCH_PATHS = (
					"$(inherited)",
					"$(PROJECT_DIR)",
				);
				INFOPLIST_FILE = "iOS Starter/Info.plist";
				LD_RUNPATH_SEARCH_PATHS = "$(inherited) @executable_path/Frameworks";
				OTHER_LDFLAGS = (
					"$(inherited)",
					"-framework",
					"\"ACTabScrollView\"",
					"-framework",
					"\"Alamofire\"",
					"-framework",
					"\"SwiftyJSON\"",
					"-ObjC",
				);
				PRODUCT_BUNDLE_IDENTIFIER = "com.wenqiwu.iOS-Starter";
				PRODUCT_NAME = "$(TARGET_NAME)";
				PROVISIONING_PROFILE = "";
				SWIFT_VERSION = 2.3;
			};
			name = Debug;
		};
		2A1CF2391D6B8460004B4D8F /* Release */ = {
			isa = XCBuildConfiguration;
			baseConfigurationReference = 9CE77272967374A3147CA839 /* Pods-iOS Starter.release.xcconfig */;
			buildSettings = {
				ASSETCATALOG_COMPILER_APPICON_NAME = AppIcon;
				CODE_SIGN_IDENTITY = "iPhone Developer";
				"CODE_SIGN_IDENTITY[sdk=iphoneos*]" = "iPhone Developer";
				DEVELOPMENT_TEAM = WHQUYPT37U;
				FRAMEWORK_SEARCH_PATHS = (
					"$(inherited)",
					"$(PROJECT_DIR)",
				);
				INFOPLIST_FILE = "iOS Starter/Info.plist";
				LD_RUNPATH_SEARCH_PATHS = "$(inherited) @executable_path/Frameworks";
				OTHER_LDFLAGS = (
					"$(inherited)",
					"-framework",
					"\"ACTabScrollView\"",
					"-framework",
					"\"Alamofire\"",
					"-framework",
					"\"SwiftyJSON\"",
					"-ObjC",
				);
				PRODUCT_BUNDLE_IDENTIFIER = "com.wenqiwu.iOS-Starter";
				PRODUCT_NAME = "$(TARGET_NAME)";
				PROVISIONING_PROFILE = "";
				SWIFT_VERSION = 2.3;
			};
			name = Release;
		};
		2A1CF23B1D6B8460004B4D8F /* Debug */ = {
			isa = XCBuildConfiguration;
			baseConfigurationReference = DBCC4D1946B03B07FB753FD2 /* Pods-iOS StarterTests.debug.xcconfig */;
			buildSettings = {
				ALWAYS_EMBED_SWIFT_STANDARD_LIBRARIES = YES;
				BUNDLE_LOADER = "$(TEST_HOST)";
				DEVELOPMENT_TEAM = WHQUYPT37U;
				INFOPLIST_FILE = "iOS StarterTests/Info.plist";
				LD_RUNPATH_SEARCH_PATHS = "$(inherited) @executable_path/Frameworks @loader_path/Frameworks";
				PRODUCT_BUNDLE_IDENTIFIER = "com.wenqiwu.iOS-StarterTests";
				PRODUCT_NAME = "$(TARGET_NAME)";
				SWIFT_VERSION = 3.0;
				TEST_HOST = "$(BUILT_PRODUCTS_DIR)/iOS Starter.app/iOS Starter";
			};
			name = Debug;
		};
		2A1CF23C1D6B8460004B4D8F /* Release */ = {
			isa = XCBuildConfiguration;
			baseConfigurationReference = B2AFD59D18288522720D0C92 /* Pods-iOS StarterTests.release.xcconfig */;
			buildSettings = {
				ALWAYS_EMBED_SWIFT_STANDARD_LIBRARIES = YES;
				BUNDLE_LOADER = "$(TEST_HOST)";
				DEVELOPMENT_TEAM = WHQUYPT37U;
				INFOPLIST_FILE = "iOS StarterTests/Info.plist";
				LD_RUNPATH_SEARCH_PATHS = "$(inherited) @executable_path/Frameworks @loader_path/Frameworks";
				PRODUCT_BUNDLE_IDENTIFIER = "com.wenqiwu.iOS-StarterTests";
				PRODUCT_NAME = "$(TARGET_NAME)";
				SWIFT_VERSION = 3.0;
				TEST_HOST = "$(BUILT_PRODUCTS_DIR)/iOS Starter.app/iOS Starter";
			};
			name = Release;
		};
		2A1CF23E1D6B8460004B4D8F /* Debug */ = {
			isa = XCBuildConfiguration;
			baseConfigurationReference = 666E6E5B96A83EE566F21DF6 /* Pods-iOS StarterUITests.debug.xcconfig */;
			buildSettings = {
				ALWAYS_EMBED_SWIFT_STANDARD_LIBRARIES = YES;
				DEVELOPMENT_TEAM = WHQUYPT37U;
				INFOPLIST_FILE = "iOS StarterUITests/Info.plist";
				LD_RUNPATH_SEARCH_PATHS = "$(inherited) @executable_path/Frameworks @loader_path/Frameworks";
				PRODUCT_BUNDLE_IDENTIFIER = "com.wenqiwu.iOS-StarterUITests";
				PRODUCT_NAME = "$(TARGET_NAME)";
				SWIFT_VERSION = 3.0;
				TEST_TARGET_NAME = "iOS Starter";
			};
			name = Debug;
		};
		2A1CF23F1D6B8460004B4D8F /* Release */ = {
			isa = XCBuildConfiguration;
			baseConfigurationReference = 53DB2CE3B0E5B60BB54720BB /* Pods-iOS StarterUITests.release.xcconfig */;
			buildSettings = {
				ALWAYS_EMBED_SWIFT_STANDARD_LIBRARIES = YES;
				DEVELOPMENT_TEAM = WHQUYPT37U;
				INFOPLIST_FILE = "iOS StarterUITests/Info.plist";
				LD_RUNPATH_SEARCH_PATHS = "$(inherited) @executable_path/Frameworks @loader_path/Frameworks";
				PRODUCT_BUNDLE_IDENTIFIER = "com.wenqiwu.iOS-StarterUITests";
				PRODUCT_NAME = "$(TARGET_NAME)";
				SWIFT_VERSION = 3.0;
				TEST_TARGET_NAME = "iOS Starter";
			};
			name = Release;
		};
/* End XCBuildConfiguration section */

/* Begin XCConfigurationList section */
		2A1CF20A1D6B8460004B4D8F /* Build configuration list for PBXProject "iOS Starter" */ = {
			isa = XCConfigurationList;
			buildConfigurations = (
				2A1CF2351D6B8460004B4D8F /* Debug */,
				2A1CF2361D6B8460004B4D8F /* Release */,
			);
			defaultConfigurationIsVisible = 0;
			defaultConfigurationName = Release;
		};
		2A1CF2371D6B8460004B4D8F /* Build configuration list for PBXNativeTarget "iOS Starter" */ = {
			isa = XCConfigurationList;
			buildConfigurations = (
				2A1CF2381D6B8460004B4D8F /* Debug */,
				2A1CF2391D6B8460004B4D8F /* Release */,
			);
			defaultConfigurationIsVisible = 0;
			defaultConfigurationName = Release;
		};
		2A1CF23A1D6B8460004B4D8F /* Build configuration list for PBXNativeTarget "iOS StarterTests" */ = {
			isa = XCConfigurationList;
			buildConfigurations = (
				2A1CF23B1D6B8460004B4D8F /* Debug */,
				2A1CF23C1D6B8460004B4D8F /* Release */,
			);
			defaultConfigurationIsVisible = 0;
			defaultConfigurationName = Release;
		};
		2A1CF23D1D6B8460004B4D8F /* Build configuration list for PBXNativeTarget "iOS StarterUITests" */ = {
			isa = XCConfigurationList;
			buildConfigurations = (
				2A1CF23E1D6B8460004B4D8F /* Debug */,
				2A1CF23F1D6B8460004B4D8F /* Release */,
			);
			defaultConfigurationIsVisible = 0;
			defaultConfigurationName = Release;
		};
/* End XCConfigurationList section */
	};
	rootObject = 2A1CF2071D6B8460004B4D8F /* Project object */;
}
