// !$*UTF8*$!
{
	archiveVersion = 1;
	classes = {
	};
	objectVersion = 46;
	objects = {

/* Begin PBXBuildFile section */
		2A1CF2131D6B8460004B4D8F /* AppDelegate.swift in Sources */ = {isa = PBXBuildFile; fileRef = 2A1CF2121D6B8460004B4D8F /* AppDelegate.swift */; };
		2A1CF2151D6B8460004B4D8F /* ViewController.swift in Sources */ = {isa = PBXBuildFile; fileRef = 2A1CF2141D6B8460004B4D8F /* ViewController.swift */; };
		2A1CF21A1D6B8460004B4D8F /* Assets.xcassets in Resources */ = {isa = PBXBuildFile; fileRef = 2A1CF2191D6B8460004B4D8F /* Assets.xcassets */; };
		2A1CF21D1D6B8460004B4D8F /* LaunchScreen.storyboard in Resources */ = {isa = PBXBuildFile; fileRef = 2A1CF21B1D6B8460004B4D8F /* LaunchScreen.storyboard */; };
		2A1CF2281D6B8460004B4D8F /* iOS_StarterTests.swift in Sources */ = {isa = PBXBuildFile; fileRef = 2A1CF2271D6B8460004B4D8F /* iOS_StarterTests.swift */; };
		2A1CF2331D6B8460004B4D8F /* iOS_StarterUITests.swift in Sources */ = {isa = PBXBuildFile; fileRef = 2A1CF2321D6B8460004B4D8F /* iOS_StarterUITests.swift */; };
		2A1CF2471D6BC96F004B4D8F /* AppTabBarController.swift in Sources */ = {isa = PBXBuildFile; fileRef = 2A1CF2461D6BC96F004B4D8F /* AppTabBarController.swift */; };
		2A1CF2491D6BCB53004B4D8F /* AppEventTableViewController.swift in Sources */ = {isa = PBXBuildFile; fileRef = 2A1CF2481D6BCB53004B4D8F /* AppEventTableViewController.swift */; };
		2A1CF24B1D6BCE7D004B4D8F /* AppSettingsTableViewController.swift in Sources */ = {isa = PBXBuildFile; fileRef = 2A1CF24A1D6BCE7D004B4D8F /* AppSettingsTableViewController.swift */; };
		2A1CF24D1D6BD428004B4D8F /* AppEventTableViewCell.swift in Sources */ = {isa = PBXBuildFile; fileRef = 2A1CF24C1D6BD428004B4D8F /* AppEventTableViewCell.swift */; };
		2A1CF24F1D6BD54D004B4D8F /* AppEventDataProvider.swift in Sources */ = {isa = PBXBuildFile; fileRef = 2A1CF24E1D6BD54D004B4D8F /* AppEventDataProvider.swift */; };
		2F9CF4DDA23313B6487FE732 /* Pods_iOS_StarterUITests.framework in Frameworks */ = {isa = PBXBuildFile; fileRef = AEFCBAC8AB9172BDF2FD7B0E /* Pods_iOS_StarterUITests.framework */; };
		38BB17E1BF80F4718344BA7B /* Pods_iOS_StarterTests.framework in Frameworks */ = {isa = PBXBuildFile; fileRef = D9E94E41C448026DC72E1927 /* Pods_iOS_StarterTests.framework */; };
		B9CC0DD773849EC6C80673E8 /* Pods_iOS_Starter.framework in Frameworks */ = {isa = PBXBuildFile; fileRef = 7B151880FBFACAAAD3108610 /* Pods_iOS_Starter.framework */; };
/* End PBXBuildFile section */

/* Begin PBXContainerItemProxy section */
		2A1CF2241D6B8460004B4D8F /* PBXContainerItemProxy */ = {
			isa = PBXContainerItemProxy;
			containerPortal = 2A1CF2071D6B8460004B4D8F /* Project object */;
			proxyType = 1;
			remoteGlobalIDString = 2A1CF20E1D6B8460004B4D8F;
			remoteInfo = "iOS Starter";
		};
		2A1CF22F1D6B8460004B4D8F /* PBXContainerItemProxy */ = {
			isa = PBXContainerItemProxy;
			containerPortal = 2A1CF2071D6B8460004B4D8F /* Project object */;
			proxyType = 1;
			remoteGlobalIDString = 2A1CF20E1D6B8460004B4D8F;
			remoteInfo = "iOS Starter";
		};
/* End PBXContainerItemProxy section */

/* Begin PBXFileReference section */
		2A1CF20F1D6B8460004B4D8F /* iOS Starter.app */ = {isa = PBXFileReference; explicitFileType = wrapper.application; includeInIndex = 0; path = "iOS Starter.app"; sourceTree = BUILT_PRODUCTS_DIR; };
		2A1CF2121D6B8460004B4D8F /* AppDelegate.swift */ = {isa = PBXFileReference; lastKnownFileType = sourcecode.swift; path = AppDelegate.swift; sourceTree = "<group>"; };
		2A1CF2141D6B8460004B4D8F /* ViewController.swift */ = {isa = PBXFileReference; lastKnownFileType = sourcecode.swift; path = ViewController.swift; sourceTree = "<group>"; };
		2A1CF2191D6B8460004B4D8F /* Assets.xcassets */ = {isa = PBXFileReference; lastKnownFileType = folder.assetcatalog; path = Assets.xcassets; sourceTree = "<group>"; };
		2A1CF21C1D6B8460004B4D8F /* Base */ = {isa = PBXFileReference; lastKnownFileType = file.storyboard; name = Base; path = Base.lproj/LaunchScreen.storyboard; sourceTree = "<group>"; };
		2A1CF21E1D6B8460004B4D8F /* Info.plist */ = {isa = PBXFileReference; lastKnownFileType = text.plist.xml; path = Info.plist; sourceTree = "<group>"; };
		2A1CF2231D6B8460004B4D8F /* iOS StarterTests.xctest */ = {isa = PBXFileReference; explicitFileType = wrapper.cfbundle; includeInIndex = 0; path = "iOS StarterTests.xctest"; sourceTree = BUILT_PRODUCTS_DIR; };
		2A1CF2271D6B8460004B4D8F /* iOS_StarterTests.swift */ = {isa = PBXFileReference; lastKnownFileType = sourcecode.swift; path = iOS_StarterTests.swift; sourceTree = "<group>"; };
		2A1CF2291D6B8460004B4D8F /* Info.plist */ = {isa = PBXFileReference; lastKnownFileType = text.plist.xml; path = Info.plist; sourceTree = "<group>"; };
		2A1CF22E1D6B8460004B4D8F /* iOS StarterUITests.xctest */ = {isa = PBXFileReference; explicitFileType = wrapper.cfbundle; includeInIndex = 0; path = "iOS StarterUITests.xctest"; sourceTree = BUILT_PRODUCTS_DIR; };
		2A1CF2321D6B8460004B4D8F /* iOS_StarterUITests.swift */ = {isa = PBXFileReference; lastKnownFileType = sourcecode.swift; path = iOS_StarterUITests.swift; sourceTree = "<group>"; };
		2A1CF2341D6B8460004B4D8F /* Info.plist */ = {isa = PBXFileReference; lastKnownFileType = text.plist.xml; path = Info.plist; sourceTree = "<group>"; };
		2A1CF2461D6BC96F004B4D8F /* AppTabBarController.swift */ = {isa = PBXFileReference; fileEncoding = 4; lastKnownFileType = sourcecode.swift; path = AppTabBarController.swift; sourceTree = "<group>"; };
		2A1CF2481D6BCB53004B4D8F /* AppEventTableViewController.swift */ = {isa = PBXFileReference; fileEncoding = 4; lastKnownFileType = sourcecode.swift; path = AppEventTableViewController.swift; sourceTree = "<group>"; };
		2A1CF24A1D6BCE7D004B4D8F /* AppSettingsTableViewController.swift */ = {isa = PBXFileReference; fileEncoding = 4; lastKnownFileType = sourcecode.swift; path = AppSettingsTableViewController.swift; sourceTree = "<group>"; };
		2A1CF24C1D6BD428004B4D8F /* AppEventTableViewCell.swift */ = {isa = PBXFileReference; fileEncoding = 4; lastKnownFileType = sourcecode.swift; path = AppEventTableViewCell.swift; sourceTree = "<group>"; };
		2A1CF24E1D6BD54D004B4D8F /* AppEventDataProvider.swift */ = {isa = PBXFileReference; fileEncoding = 4; lastKnownFileType = sourcecode.swift; path = AppEventDataProvider.swift; sourceTree = "<group>"; };
		49AF8581FC828B8A4FC11AFD /* Pods-iOS StarterTests.release.xcconfig */ = {isa = PBXFileReference; includeInIndex = 1; lastKnownFileType = text.xcconfig; name = "Pods-iOS StarterTests.release.xcconfig"; path = "Pods/Target Support Files/Pods-iOS StarterTests/Pods-iOS StarterTests.release.xcconfig"; sourceTree = "<group>"; };
		5FEEA1F206243A61673C6389 /* Pods-iOS Starter.release.xcconfig */ = {isa = PBXFileReference; includeInIndex = 1; lastKnownFileType = text.xcconfig; name = "Pods-iOS Starter.release.xcconfig"; path = "Pods/Target Support Files/Pods-iOS Starter/Pods-iOS Starter.release.xcconfig"; sourceTree = "<group>"; };
		7B151880FBFACAAAD3108610 /* Pods_iOS_Starter.framework */ = {isa = PBXFileReference; explicitFileType = wrapper.framework; includeInIndex = 0; path = Pods_iOS_Starter.framework; sourceTree = BUILT_PRODUCTS_DIR; };
		A9383B7D0E3BFF5AED2799E7 /* Pods-iOS StarterUITests.debug.xcconfig */ = {isa = PBXFileReference; includeInIndex = 1; lastKnownFileType = text.xcconfig; name = "Pods-iOS StarterUITests.debug.xcconfig"; path = "Pods/Target Support Files/Pods-iOS StarterUITests/Pods-iOS StarterUITests.debug.xcconfig"; sourceTree = "<group>"; };
		AEFCBAC8AB9172BDF2FD7B0E /* Pods_iOS_StarterUITests.framework */ = {isa = PBXFileReference; explicitFileType = wrapper.framework; includeInIndex = 0; path = Pods_iOS_StarterUITests.framework; sourceTree = BUILT_PRODUCTS_DIR; };
		BCCE0A2255DC259A3C9251F2 /* Pods-iOS StarterUITests.release.xcconfig */ = {isa = PBXFileReference; includeInIndex = 1; lastKnownFileType = text.xcconfig; name = "Pods-iOS StarterUITests.release.xcconfig"; path = "Pods/Target Support Files/Pods-iOS StarterUITests/Pods-iOS StarterUITests.release.xcconfig"; sourceTree = "<group>"; };
		CDAA2FDD22613921BFC5E360 /* Pods-iOS Starter.debug.xcconfig */ = {isa = PBXFileReference; includeInIndex = 1; lastKnownFileType = text.xcconfig; name = "Pods-iOS Starter.debug.xcconfig"; path = "Pods/Target Support Files/Pods-iOS Starter/Pods-iOS Starter.debug.xcconfig"; sourceTree = "<group>"; };
		D9E94E41C448026DC72E1927 /* Pods_iOS_StarterTests.framework */ = {isa = PBXFileReference; explicitFileType = wrapper.framework; includeInIndex = 0; path = Pods_iOS_StarterTests.framework; sourceTree = BUILT_PRODUCTS_DIR; };
		DC607BD39090B745102C2220 /* Pods-iOS StarterTests.debug.xcconfig */ = {isa = PBXFileReference; includeInIndex = 1; lastKnownFileType = text.xcconfig; name = "Pods-iOS StarterTests.debug.xcconfig"; path = "Pods/Target Support Files/Pods-iOS StarterTests/Pods-iOS StarterTests.debug.xcconfig"; sourceTree = "<group>"; };
/* End PBXFileReference section */

/* Begin PBXFrameworksBuildPhase section */
		2A1CF20C1D6B8460004B4D8F /* Frameworks */ = {
			isa = PBXFrameworksBuildPhase;
			buildActionMask = 2147483647;
			files = (
				B9CC0DD773849EC6C80673E8 /* Pods_iOS_Starter.framework in Frameworks */,
			);
			runOnlyForDeploymentPostprocessing = 0;
		};
		2A1CF2201D6B8460004B4D8F /* Frameworks */ = {
			isa = PBXFrameworksBuildPhase;
			buildActionMask = 2147483647;
			files = (
				38BB17E1BF80F4718344BA7B /* Pods_iOS_StarterTests.framework in Frameworks */,
			);
			runOnlyForDeploymentPostprocessing = 0;
		};
		2A1CF22B1D6B8460004B4D8F /* Frameworks */ = {
			isa = PBXFrameworksBuildPhase;
			buildActionMask = 2147483647;
			files = (
				2F9CF4DDA23313B6487FE732 /* Pods_iOS_StarterUITests.framework in Frameworks */,
			);
			runOnlyForDeploymentPostprocessing = 0;
		};
/* End PBXFrameworksBuildPhase section */

/* Begin PBXGroup section */
		2A1CF2061D6B8460004B4D8F = {
			isa = PBXGroup;
			children = (
				2A1CF2111D6B8460004B4D8F /* iOS Starter */,
				2A1CF2261D6B8460004B4D8F /* iOS StarterTests */,
				2A1CF2311D6B8460004B4D8F /* iOS StarterUITests */,
				2A1CF2101D6B8460004B4D8F /* Products */,
				2C94656A9CEE4B3893D16C97 /* Pods */,
				8737B61FD730BD6302BA66C5 /* Frameworks */,
			);
			sourceTree = "<group>";
		};
		2A1CF2101D6B8460004B4D8F /* Products */ = {
			isa = PBXGroup;
			children = (
				2A1CF20F1D6B8460004B4D8F /* iOS Starter.app */,
				2A1CF2231D6B8460004B4D8F /* iOS StarterTests.xctest */,
				2A1CF22E1D6B8460004B4D8F /* iOS StarterUITests.xctest */,
			);
			name = Products;
			sourceTree = "<group>";
		};
		2A1CF2111D6B8460004B4D8F /* iOS Starter */ = {
			isa = PBXGroup;
			children = (
				2A1CF2121D6B8460004B4D8F /* AppDelegate.swift */,
				2A1CF2461D6BC96F004B4D8F /* AppTabBarController.swift */,
				2A1CF2481D6BCB53004B4D8F /* AppEventTableViewController.swift */,
				2A1CF24C1D6BD428004B4D8F /* AppEventTableViewCell.swift */,
				2A1CF24E1D6BD54D004B4D8F /* AppEventDataProvider.swift */,
				2A1CF24A1D6BCE7D004B4D8F /* AppSettingsTableViewController.swift */,
				2A1CF2141D6B8460004B4D8F /* ViewController.swift */,
				2A1CF2191D6B8460004B4D8F /* Assets.xcassets */,
				2A1CF21B1D6B8460004B4D8F /* LaunchScreen.storyboard */,
				2A1CF21E1D6B8460004B4D8F /* Info.plist */,
			);
			path = "iOS Starter";
			sourceTree = "<group>";
		};
		2A1CF2261D6B8460004B4D8F /* iOS StarterTests */ = {
			isa = PBXGroup;
			children = (
				2A1CF2271D6B8460004B4D8F /* iOS_StarterTests.swift */,
				2A1CF2291D6B8460004B4D8F /* Info.plist */,
			);
			path = "iOS StarterTests";
			sourceTree = "<group>";
		};
		2A1CF2311D6B8460004B4D8F /* iOS StarterUITests */ = {
			isa = PBXGroup;
			children = (
				2A1CF2321D6B8460004B4D8F /* iOS_StarterUITests.swift */,
				2A1CF2341D6B8460004B4D8F /* Info.plist */,
			);
			path = "iOS StarterUITests";
			sourceTree = "<group>";
		};
		2C94656A9CEE4B3893D16C97 /* Pods */ = {
			isa = PBXGroup;
			children = (
				CDAA2FDD22613921BFC5E360 /* Pods-iOS Starter.debug.xcconfig */,
				5FEEA1F206243A61673C6389 /* Pods-iOS Starter.release.xcconfig */,
				DC607BD39090B745102C2220 /* Pods-iOS StarterTests.debug.xcconfig */,
				49AF8581FC828B8A4FC11AFD /* Pods-iOS StarterTests.release.xcconfig */,
				A9383B7D0E3BFF5AED2799E7 /* Pods-iOS StarterUITests.debug.xcconfig */,
				BCCE0A2255DC259A3C9251F2 /* Pods-iOS StarterUITests.release.xcconfig */,
			);
			name = Pods;
			sourceTree = "<group>";
		};
		8737B61FD730BD6302BA66C5 /* Frameworks */ = {
			isa = PBXGroup;
			children = (
				7B151880FBFACAAAD3108610 /* Pods_iOS_Starter.framework */,
				D9E94E41C448026DC72E1927 /* Pods_iOS_StarterTests.framework */,
				AEFCBAC8AB9172BDF2FD7B0E /* Pods_iOS_StarterUITests.framework */,
			);
			name = Frameworks;
			sourceTree = "<group>";
		};
/* End PBXGroup section */

/* Begin PBXNativeTarget section */
		2A1CF20E1D6B8460004B4D8F /* iOS Starter */ = {
			isa = PBXNativeTarget;
			buildConfigurationList = 2A1CF2371D6B8460004B4D8F /* Build configuration list for PBXNativeTarget "iOS Starter" */;
			buildPhases = (
				7383474A88A74ED51A339DD7 /* [CP] Check Pods Manifest.lock */,
				2A1CF20B1D6B8460004B4D8F /* Sources */,
				2A1CF20C1D6B8460004B4D8F /* Frameworks */,
				2A1CF20D1D6B8460004B4D8F /* Resources */,
				BA7F0DB8742A6E7C942891C0 /* [CP] Embed Pods Frameworks */,
				FB6D912CF81EC34D0DC312AB /* [CP] Copy Pods Resources */,
			);
			buildRules = (
			);
			dependencies = (
			);
			name = "iOS Starter";
			productName = "iOS Starter";
			productReference = 2A1CF20F1D6B8460004B4D8F /* iOS Starter.app */;
			productType = "com.apple.product-type.application";
		};
		2A1CF2221D6B8460004B4D8F /* iOS StarterTests */ = {
			isa = PBXNativeTarget;
			buildConfigurationList = 2A1CF23A1D6B8460004B4D8F /* Build configuration list for PBXNativeTarget "iOS StarterTests" */;
			buildPhases = (
				D4A1C66AE0F0385840247715 /* [CP] Check Pods Manifest.lock */,
				2A1CF21F1D6B8460004B4D8F /* Sources */,
				2A1CF2201D6B8460004B4D8F /* Frameworks */,
				2A1CF2211D6B8460004B4D8F /* Resources */,
				D2987C8E76C61DFE83C32A1A /* [CP] Embed Pods Frameworks */,
				7A50AD483504D36D3902B2FE /* [CP] Copy Pods Resources */,
			);
			buildRules = (
			);
			dependencies = (
				2A1CF2251D6B8460004B4D8F /* PBXTargetDependency */,
			);
			name = "iOS StarterTests";
			productName = "iOS StarterTests";
			productReference = 2A1CF2231D6B8460004B4D8F /* iOS StarterTests.xctest */;
			productType = "com.apple.product-type.bundle.unit-test";
		};
		2A1CF22D1D6B8460004B4D8F /* iOS StarterUITests */ = {
			isa = PBXNativeTarget;
			buildConfigurationList = 2A1CF23D1D6B8460004B4D8F /* Build configuration list for PBXNativeTarget "iOS StarterUITests" */;
			buildPhases = (
				A16AE5B0121BCDE794D2122E /* [CP] Check Pods Manifest.lock */,
				2A1CF22A1D6B8460004B4D8F /* Sources */,
				2A1CF22B1D6B8460004B4D8F /* Frameworks */,
				2A1CF22C1D6B8460004B4D8F /* Resources */,
				AE8B51C73F635DB732435EEF /* [CP] Copy Pods Resources */,
			);
			buildRules = (
			);
			dependencies = (
				2A1CF2301D6B8460004B4D8F /* PBXTargetDependency */,
			);
			name = "iOS StarterUITests";
			productName = "iOS StarterUITests";
			productReference = 2A1CF22E1D6B8460004B4D8F /* iOS StarterUITests.xctest */;
			productType = "com.apple.product-type.bundle.ui-testing";
		};
/* End PBXNativeTarget section */

/* Begin PBXProject section */
		2A1CF2071D6B8460004B4D8F /* Project object */ = {
			isa = PBXProject;
			attributes = {
				LastSwiftUpdateCheck = 0800;
				LastUpgradeCheck = 0800;
				ORGANIZATIONNAME = wenqiwu;
				TargetAttributes = {
					2A1CF20E1D6B8460004B4D8F = {
						CreatedOnToolsVersion = 8.0;
						ProvisioningStyle = Automatic;
					};
					2A1CF2221D6B8460004B4D8F = {
						CreatedOnToolsVersion = 8.0;
						DevelopmentTeam = WHQUYPT37U;
						ProvisioningStyle = Automatic;
						TestTargetID = 2A1CF20E1D6B8460004B4D8F;
					};
					2A1CF22D1D6B8460004B4D8F = {
						CreatedOnToolsVersion = 8.0;
						DevelopmentTeam = WHQUYPT37U;
						ProvisioningStyle = Automatic;
						TestTargetID = 2A1CF20E1D6B8460004B4D8F;
					};
				};
			};
			buildConfigurationList = 2A1CF20A1D6B8460004B4D8F /* Build configuration list for PBXProject "iOS Starter" */;
			compatibilityVersion = "Xcode 3.2";
			developmentRegion = English;
			hasScannedForEncodings = 0;
			knownRegions = (
				en,
				Base,
			);
			mainGroup = 2A1CF2061D6B8460004B4D8F;
			productRefGroup = 2A1CF2101D6B8460004B4D8F /* Products */;
			projectDirPath = "";
			projectRoot = "";
			targets = (
				2A1CF20E1D6B8460004B4D8F /* iOS Starter */,
				2A1CF2221D6B8460004B4D8F /* iOS StarterTests */,
				2A1CF22D1D6B8460004B4D8F /* iOS StarterUITests */,
			);
		};
/* End PBXProject section */

/* Begin PBXResourcesBuildPhase section */
		2A1CF20D1D6B8460004B4D8F /* Resources */ = {
			isa = PBXResourcesBuildPhase;
			buildActionMask = 2147483647;
			files = (
				2A1CF21D1D6B8460004B4D8F /* LaunchScreen.storyboard in Resources */,
				2A1CF21A1D6B8460004B4D8F /* Assets.xcassets in Resources */,
			);
			runOnlyForDeploymentPostprocessing = 0;
		};
		2A1CF2211D6B8460004B4D8F /* Resources */ = {
			isa = PBXResourcesBuildPhase;
			buildActionMask = 2147483647;
			files = (
			);
			runOnlyForDeploymentPostprocessing = 0;
		};
		2A1CF22C1D6B8460004B4D8F /* Resources */ = {
			isa = PBXResourcesBuildPhase;
			buildActionMask = 2147483647;
			files = (
			);
			runOnlyForDeploymentPostprocessing = 0;
		};
/* End PBXResourcesBuildPhase section */

/* Begin PBXShellScriptBuildPhase section */
		7383474A88A74ED51A339DD7 /* [CP] Check Pods Manifest.lock */ = {
			isa = PBXShellScriptBuildPhase;
			buildActionMask = 2147483647;
			files = (
			);
			inputPaths = (
			);
			name = "[CP] Check Pods Manifest.lock";
			outputPaths = (
			);
			runOnlyForDeploymentPostprocessing = 0;
			shellPath = /bin/sh;
			shellScript = "diff \"${PODS_ROOT}/../Podfile.lock\" \"${PODS_ROOT}/Manifest.lock\" > /dev/null\nif [[ $? != 0 ]] ; then\n    cat << EOM\nerror: The sandbox is not in sync with the Podfile.lock. Run 'pod install' or update your CocoaPods installation.\nEOM\n    exit 1\nfi\n";
			showEnvVarsInLog = 0;
		};
		7A50AD483504D36D3902B2FE /* [CP] Copy Pods Resources */ = {
			isa = PBXShellScriptBuildPhase;
			buildActionMask = 2147483647;
			files = (
			);
			inputPaths = (
			);
			name = "[CP] Copy Pods Resources";
			outputPaths = (
			);
			runOnlyForDeploymentPostprocessing = 0;
			shellPath = /bin/sh;
			shellScript = "\"${SRCROOT}/Pods/Target Support Files/Pods-iOS StarterTests/Pods-iOS StarterTests-resources.sh\"\n";
			showEnvVarsInLog = 0;
		};
		A16AE5B0121BCDE794D2122E /* [CP] Check Pods Manifest.lock */ = {
			isa = PBXShellScriptBuildPhase;
			buildActionMask = 2147483647;
			files = (
			);
			inputPaths = (
			);
			name = "[CP] Check Pods Manifest.lock";
			outputPaths = (
			);
			runOnlyForDeploymentPostprocessing = 0;
			shellPath = /bin/sh;
			shellScript = "diff \"${PODS_ROOT}/../Podfile.lock\" \"${PODS_ROOT}/Manifest.lock\" > /dev/null\nif [[ $? != 0 ]] ; then\n    cat << EOM\nerror: The sandbox is not in sync with the Podfile.lock. Run 'pod install' or update your CocoaPods installation.\nEOM\n    exit 1\nfi\n";
			showEnvVarsInLog = 0;
		};
		AE8B51C73F635DB732435EEF /* [CP] Copy Pods Resources */ = {
			isa = PBXShellScriptBuildPhase;
			buildActionMask = 2147483647;
			files = (
			);
			inputPaths = (
			);
			name = "[CP] Copy Pods Resources";
			outputPaths = (
			);
			runOnlyForDeploymentPostprocessing = 0;
			shellPath = /bin/sh;
			shellScript = "\"${SRCROOT}/Pods/Target Support Files/Pods-iOS StarterUITests/Pods-iOS StarterUITests-resources.sh\"\n";
			showEnvVarsInLog = 0;
		};
		BA7F0DB8742A6E7C942891C0 /* [CP] Embed Pods Frameworks */ = {
			isa = PBXShellScriptBuildPhase;
			buildActionMask = 2147483647;
			files = (
			);
			inputPaths = (
			);
			name = "[CP] Embed Pods Frameworks";
			outputPaths = (
			);
			runOnlyForDeploymentPostprocessing = 0;
			shellPath = /bin/sh;
			shellScript = "\"${SRCROOT}/Pods/Target Support Files/Pods-iOS Starter/Pods-iOS Starter-frameworks.sh\"\n";
			showEnvVarsInLog = 0;
		};
		D2987C8E76C61DFE83C32A1A /* [CP] Embed Pods Frameworks */ = {
			isa = PBXShellScriptBuildPhase;
			buildActionMask = 2147483647;
			files = (
			);
			inputPaths = (
			);
			name = "[CP] Embed Pods Frameworks";
			outputPaths = (
			);
			runOnlyForDeploymentPostprocessing = 0;
			shellPath = /bin/sh;
			shellScript = "\"${SRCROOT}/Pods/Target Support Files/Pods-iOS StarterTests/Pods-iOS StarterTests-frameworks.sh\"\n";
			showEnvVarsInLog = 0;
		};
		D4A1C66AE0F0385840247715 /* [CP] Check Pods Manifest.lock */ = {
			isa = PBXShellScriptBuildPhase;
			buildActionMask = 2147483647;
			files = (
			);
			inputPaths = (
			);
			name = "[CP] Check Pods Manifest.lock";
			outputPaths = (
			);
			runOnlyForDeploymentPostprocessing = 0;
			shellPath = /bin/sh;
			shellScript = "diff \"${PODS_ROOT}/../Podfile.lock\" \"${PODS_ROOT}/Manifest.lock\" > /dev/null\nif [[ $? != 0 ]] ; then\n    cat << EOM\nerror: The sandbox is not in sync with the Podfile.lock. Run 'pod install' or update your CocoaPods installation.\nEOM\n    exit 1\nfi\n";
			showEnvVarsInLog = 0;
		};
		FB6D912CF81EC34D0DC312AB /* [CP] Copy Pods Resources */ = {
			isa = PBXShellScriptBuildPhase;
			buildActionMask = 2147483647;
			files = (
			);
			inputPaths = (
			);
			name = "[CP] Copy Pods Resources";
			outputPaths = (
			);
			runOnlyForDeploymentPostprocessing = 0;
			shellPath = /bin/sh;
			shellScript = "\"${SRCROOT}/Pods/Target Support Files/Pods-iOS Starter/Pods-iOS Starter-resources.sh\"\n";
			showEnvVarsInLog = 0;
		};
/* End PBXShellScriptBuildPhase section */

/* Begin PBXSourcesBuildPhase section */
		2A1CF20B1D6B8460004B4D8F /* Sources */ = {
			isa = PBXSourcesBuildPhase;
			buildActionMask = 2147483647;
			files = (
				2A1CF24F1D6BD54D004B4D8F /* AppEventDataProvider.swift in Sources */,
				2A1CF24B1D6BCE7D004B4D8F /* AppSettingsTableViewController.swift in Sources */,
				2A1CF2471D6BC96F004B4D8F /* AppTabBarController.swift in Sources */,
				2A1CF2151D6B8460004B4D8F /* ViewController.swift in Sources */,
				2A1CF2491D6BCB53004B4D8F /* AppEventTableViewController.swift in Sources */,
				2A1CF24D1D6BD428004B4D8F /* AppEventTableViewCell.swift in Sources */,
				2A1CF2131D6B8460004B4D8F /* AppDelegate.swift in Sources */,
			);
			runOnlyForDeploymentPostprocessing = 0;
		};
		2A1CF21F1D6B8460004B4D8F /* Sources */ = {
			isa = PBXSourcesBuildPhase;
			buildActionMask = 2147483647;
			files = (
				2A1CF2281D6B8460004B4D8F /* iOS_StarterTests.swift in Sources */,
			);
			runOnlyForDeploymentPostprocessing = 0;
		};
		2A1CF22A1D6B8460004B4D8F /* Sources */ = {
			isa = PBXSourcesBuildPhase;
			buildActionMask = 2147483647;
			files = (
				2A1CF2331D6B8460004B4D8F /* iOS_StarterUITests.swift in Sources */,
			);
			runOnlyForDeploymentPostprocessing = 0;
		};
/* End PBXSourcesBuildPhase section */

/* Begin PBXTargetDependency section */
		2A1CF2251D6B8460004B4D8F /* PBXTargetDependency */ = {
			isa = PBXTargetDependency;
			target = 2A1CF20E1D6B8460004B4D8F /* iOS Starter */;
			targetProxy = 2A1CF2241D6B8460004B4D8F /* PBXContainerItemProxy */;
		};
		2A1CF2301D6B8460004B4D8F /* PBXTargetDependency */ = {
			isa = PBXTargetDependency;
			target = 2A1CF20E1D6B8460004B4D8F /* iOS Starter */;
			targetProxy = 2A1CF22F1D6B8460004B4D8F /* PBXContainerItemProxy */;
		};
/* End PBXTargetDependency section */

/* Begin PBXVariantGroup section */
		2A1CF21B1D6B8460004B4D8F /* LaunchScreen.storyboard */ = {
			isa = PBXVariantGroup;
			children = (
				2A1CF21C1D6B8460004B4D8F /* Base */,
			);
			name = LaunchScreen.storyboard;
			sourceTree = "<group>";
		};
/* End PBXVariantGroup section */

/* Begin XCBuildConfiguration section */
		2A1CF2351D6B8460004B4D8F /* Debug */ = {
			isa = XCBuildConfiguration;
			buildSettings = {
				ALWAYS_SEARCH_USER_PATHS = NO;
				CLANG_ANALYZER_NONNULL = YES;
				CLANG_CXX_LANGUAGE_STANDARD = "gnu++0x";
				CLANG_CXX_LIBRARY = "libc++";
				CLANG_ENABLE_MODULES = YES;
				CLANG_ENABLE_OBJC_ARC = YES;
				CLANG_WARN_BOOL_CONVERSION = YES;
				CLANG_WARN_CONSTANT_CONVERSION = YES;
				CLANG_WARN_DIRECT_OBJC_ISA_USAGE = YES_ERROR;
				CLANG_WARN_DOCUMENTATION_COMMENTS = YES;
				CLANG_WARN_EMPTY_BODY = YES;
				CLANG_WARN_ENUM_CONVERSION = YES;
				CLANG_WARN_INFINITE_RECURSION = YES;
				CLANG_WARN_INT_CONVERSION = YES;
				CLANG_WARN_OBJC_ROOT_CLASS = YES_ERROR;
				CLANG_WARN_SUSPICIOUS_MOVES = YES;
				CLANG_WARN_UNREACHABLE_CODE = YES;
				CLANG_WARN__DUPLICATE_METHOD_MATCH = YES;
				"CODE_SIGN_IDENTITY[sdk=iphoneos*]" = "iPhone Developer";
				COPY_PHASE_STRIP = NO;
				DEBUG_INFORMATION_FORMAT = dwarf;
				ENABLE_STRICT_OBJC_MSGSEND = YES;
				ENABLE_TESTABILITY = YES;
				GCC_C_LANGUAGE_STANDARD = gnu99;
				GCC_DYNAMIC_NO_PIC = NO;
				GCC_NO_COMMON_BLOCKS = YES;
				GCC_OPTIMIZATION_LEVEL = 0;
				GCC_PREPROCESSOR_DEFINITIONS = (
					"DEBUG=1",
					"$(inherited)",
				);
				GCC_WARN_64_TO_32_BIT_CONVERSION = YES;
				GCC_WARN_ABOUT_RETURN_TYPE = YES_ERROR;
				GCC_WARN_UNDECLARED_SELECTOR = YES;
				GCC_WARN_UNINITIALIZED_AUTOS = YES_AGGRESSIVE;
				GCC_WARN_UNUSED_FUNCTION = YES;
				GCC_WARN_UNUSED_VARIABLE = YES;
				IPHONEOS_DEPLOYMENT_TARGET = 10.0;
				MTL_ENABLE_DEBUG_INFO = YES;
				ONLY_ACTIVE_ARCH = YES;
				SDKROOT = iphoneos;
				SWIFT_ACTIVE_COMPILATION_CONDITIONS = DEBUG;
				SWIFT_OPTIMIZATION_LEVEL = "-Onone";
				TARGETED_DEVICE_FAMILY = "1,2";
			};
			name = Debug;
		};
		2A1CF2361D6B8460004B4D8F /* Release */ = {
			isa = XCBuildConfiguration;
			buildSettings = {
				ALWAYS_SEARCH_USER_PATHS = NO;
				CLANG_ANALYZER_NONNULL = YES;
				CLANG_CXX_LANGUAGE_STANDARD = "gnu++0x";
				CLANG_CXX_LIBRARY = "libc++";
				CLANG_ENABLE_MODULES = YES;
				CLANG_ENABLE_OBJC_ARC = YES;
				CLANG_WARN_BOOL_CONVERSION = YES;
				CLANG_WARN_CONSTANT_CONVERSION = YES;
				CLANG_WARN_DIRECT_OBJC_ISA_USAGE = YES_ERROR;
				CLANG_WARN_DOCUMENTATION_COMMENTS = YES;
				CLANG_WARN_EMPTY_BODY = YES;
				CLANG_WARN_ENUM_CONVERSION = YES;
				CLANG_WARN_INFINITE_RECURSION = YES;
				CLANG_WARN_INT_CONVERSION = YES;
				CLANG_WARN_OBJC_ROOT_CLASS = YES_ERROR;
				CLANG_WARN_SUSPICIOUS_MOVES = YES;
				CLANG_WARN_UNREACHABLE_CODE = YES;
				CLANG_WARN__DUPLICATE_METHOD_MATCH = YES;
				"CODE_SIGN_IDENTITY[sdk=iphoneos*]" = "iPhone Developer";
				COPY_PHASE_STRIP = NO;
				DEBUG_INFORMATION_FORMAT = "dwarf-with-dsym";
				ENABLE_NS_ASSERTIONS = NO;
				ENABLE_STRICT_OBJC_MSGSEND = YES;
				GCC_C_LANGUAGE_STANDARD = gnu99;
				GCC_NO_COMMON_BLOCKS = YES;
				GCC_WARN_64_TO_32_BIT_CONVERSION = YES;
				GCC_WARN_ABOUT_RETURN_TYPE = YES_ERROR;
				GCC_WARN_UNDECLARED_SELECTOR = YES;
				GCC_WARN_UNINITIALIZED_AUTOS = YES_AGGRESSIVE;
				GCC_WARN_UNUSED_FUNCTION = YES;
				GCC_WARN_UNUSED_VARIABLE = YES;
				IPHONEOS_DEPLOYMENT_TARGET = 10.0;
				MTL_ENABLE_DEBUG_INFO = NO;
				SDKROOT = iphoneos;
				SWIFT_OPTIMIZATION_LEVEL = "-Owholemodule";
				TARGETED_DEVICE_FAMILY = "1,2";
				VALIDATE_PRODUCT = YES;
			};
			name = Release;
		};
		2A1CF2381D6B8460004B4D8F /* Debug */ = {
			isa = XCBuildConfiguration;
			baseConfigurationReference = CDAA2FDD22613921BFC5E360 /* Pods-iOS Starter.debug.xcconfig */;
			buildSettings = {
				ASSETCATALOG_COMPILER_APPICON_NAME = AppIcon;
				CODE_SIGN_IDENTITY = "iPhone Developer";
				"CODE_SIGN_IDENTITY[sdk=iphoneos*]" = "iPhone Developer";
				DEVELOPMENT_TEAM = WHQUYPT37U;
				INFOPLIST_FILE = "iOS Starter/Info.plist";
				IPHONEOS_DEPLOYMENT_TARGET = 9.0;
				LD_RUNPATH_SEARCH_PATHS = "$(inherited) @executable_path/Frameworks";
				PRODUCT_BUNDLE_IDENTIFIER = "com.wenqiwu.iOS-Starter";
				PRODUCT_NAME = "$(TARGET_NAME)";
				PROVISIONING_PROFILE = "";
				SWIFT_VERSION = 2.3;
			};
			name = Debug;
		};
		2A1CF2391D6B8460004B4D8F /* Release */ = {
			isa = XCBuildConfiguration;
			baseConfigurationReference = 5FEEA1F206243A61673C6389 /* Pods-iOS Starter.release.xcconfig */;
			buildSettings = {
				ASSETCATALOG_COMPILER_APPICON_NAME = AppIcon;
				CODE_SIGN_IDENTITY = "iPhone Developer";
				"CODE_SIGN_IDENTITY[sdk=iphoneos*]" = "iPhone Developer";
				DEVELOPMENT_TEAM = WHQUYPT37U;
				INFOPLIST_FILE = "iOS Starter/Info.plist";
				IPHONEOS_DEPLOYMENT_TARGET = 9.0;
				LD_RUNPATH_SEARCH_PATHS = "$(inherited) @executable_path/Frameworks";
				PRODUCT_BUNDLE_IDENTIFIER = "com.wenqiwu.iOS-Starter";
				PRODUCT_NAME = "$(TARGET_NAME)";
				PROVISIONING_PROFILE = "";
				SWIFT_VERSION = 2.3;
			};
			name = Release;
		};
		2A1CF23B1D6B8460004B4D8F /* Debug */ = {
			isa = XCBuildConfiguration;
			baseConfigurationReference = DC607BD39090B745102C2220 /* Pods-iOS StarterTests.debug.xcconfig */;
			buildSettings = {
				ALWAYS_EMBED_SWIFT_STANDARD_LIBRARIES = YES;
				BUNDLE_LOADER = "$(TEST_HOST)";
				DEVELOPMENT_TEAM = WHQUYPT37U;
				INFOPLIST_FILE = "iOS StarterTests/Info.plist";
				LD_RUNPATH_SEARCH_PATHS = "$(inherited) @executable_path/Frameworks @loader_path/Frameworks";
				PRODUCT_BUNDLE_IDENTIFIER = "com.wenqiwu.iOS-StarterTests";
				PRODUCT_NAME = "$(TARGET_NAME)";
				SWIFT_VERSION = 3.0;
				TEST_HOST = "$(BUILT_PRODUCTS_DIR)/iOS Starter.app/iOS Starter";
			};
			name = Debug;
		};
		2A1CF23C1D6B8460004B4D8F /* Release */ = {
			isa = XCBuildConfiguration;
			baseConfigurationReference = 49AF8581FC828B8A4FC11AFD /* Pods-iOS StarterTests.release.xcconfig */;
			buildSettings = {
				ALWAYS_EMBED_SWIFT_STANDARD_LIBRARIES = YES;
				BUNDLE_LOADER = "$(TEST_HOST)";
				DEVELOPMENT_TEAM = WHQUYPT37U;
				INFOPLIST_FILE = "iOS StarterTests/Info.plist";
				LD_RUNPATH_SEARCH_PATHS = "$(inherited) @executable_path/Frameworks @loader_path/Frameworks";
				PRODUCT_BUNDLE_IDENTIFIER = "com.wenqiwu.iOS-StarterTests";
				PRODUCT_NAME = "$(TARGET_NAME)";
				SWIFT_VERSION = 3.0;
				TEST_HOST = "$(BUILT_PRODUCTS_DIR)/iOS Starter.app/iOS Starter";
			};
			name = Release;
		};
		2A1CF23E1D6B8460004B4D8F /* Debug */ = {
			isa = XCBuildConfiguration;
			baseConfigurationReference = A9383B7D0E3BFF5AED2799E7 /* Pods-iOS StarterUITests.debug.xcconfig */;
			buildSettings = {
				ALWAYS_EMBED_SWIFT_STANDARD_LIBRARIES = YES;
				DEVELOPMENT_TEAM = WHQUYPT37U;
				INFOPLIST_FILE = "iOS StarterUITests/Info.plist";
				LD_RUNPATH_SEARCH_PATHS = "$(inherited) @executable_path/Frameworks @loader_path/Frameworks";
				PRODUCT_BUNDLE_IDENTIFIER = "com.wenqiwu.iOS-StarterUITests";
				PRODUCT_NAME = "$(TARGET_NAME)";
				SWIFT_VERSION = 3.0;
				TEST_TARGET_NAME = "iOS Starter";
			};
			name = Debug;
		};
		2A1CF23F1D6B8460004B4D8F /* Release */ = {
			isa = XCBuildConfiguration;
			baseConfigurationReference = BCCE0A2255DC259A3C9251F2 /* Pods-iOS StarterUITests.release.xcconfig */;
			buildSettings = {
				ALWAYS_EMBED_SWIFT_STANDARD_LIBRARIES = YES;
				DEVELOPMENT_TEAM = WHQUYPT37U;
				INFOPLIST_FILE = "iOS StarterUITests/Info.plist";
				LD_RUNPATH_SEARCH_PATHS = "$(inherited) @executable_path/Frameworks @loader_path/Frameworks";
				PRODUCT_BUNDLE_IDENTIFIER = "com.wenqiwu.iOS-StarterUITests";
				PRODUCT_NAME = "$(TARGET_NAME)";
				SWIFT_VERSION = 3.0;
				TEST_TARGET_NAME = "iOS Starter";
			};
			name = Release;
		};
/* End XCBuildConfiguration section */

/* Begin XCConfigurationList section */
		2A1CF20A1D6B8460004B4D8F /* Build configuration list for PBXProject "iOS Starter" */ = {
			isa = XCConfigurationList;
			buildConfigurations = (
				2A1CF2351D6B8460004B4D8F /* Debug */,
				2A1CF2361D6B8460004B4D8F /* Release */,
			);
			defaultConfigurationIsVisible = 0;
			defaultConfigurationName = Release;
		};
		2A1CF2371D6B8460004B4D8F /* Build configuration list for PBXNativeTarget "iOS Starter" */ = {
			isa = XCConfigurationList;
			buildConfigurations = (
				2A1CF2381D6B8460004B4D8F /* Debug */,
				2A1CF2391D6B8460004B4D8F /* Release */,
			);
			defaultConfigurationIsVisible = 0;
			defaultConfigurationName = Release;
		};
		2A1CF23A1D6B8460004B4D8F /* Build configuration list for PBXNativeTarget "iOS StarterTests" */ = {
			isa = XCConfigurationList;
			buildConfigurations = (
				2A1CF23B1D6B8460004B4D8F /* Debug */,
				2A1CF23C1D6B8460004B4D8F /* Release */,
			);
			defaultConfigurationIsVisible = 0;
			defaultConfigurationName = Release;
		};
		2A1CF23D1D6B8460004B4D8F /* Build configuration list for PBXNativeTarget "iOS StarterUITests" */ = {
			isa = XCConfigurationList;
			buildConfigurations = (
				2A1CF23E1D6B8460004B4D8F /* Debug */,
				2A1CF23F1D6B8460004B4D8F /* Release */,
			);
			defaultConfigurationIsVisible = 0;
			defaultConfigurationName = Release;
		};
/* End XCConfigurationList section */
	};
	rootObject = 2A1CF2071D6B8460004B4D8F /* Project object */;
}
